PODS:
  - Hero (0.1.0)
  - Hue (2.0.1)
  - Kingfisher (3.2.4)
  - MarqueeLabel/Swift (3.0.1)
  - OAuthSwift (1.1.0)
  - Realm (2.1.2):
    - Realm/Headers (= 2.1.2)
  - Realm/Headers (2.1.2)
  - RealmSwift (2.1.2):
    - Realm (= 2.1.2)
  - SwiftyBeaver (1.1.1)
  - SwiftyJSON (3.1.4)

DEPENDENCIES:
  - Hero
  - Hue
  - Kingfisher (~> 3.0)
  - MarqueeLabel/Swift
  - OAuthSwift (~> 1.1.0)
  - RealmSwift
  - SwiftyBeaver
  - SwiftyJSON

SPEC CHECKSUMS:
  Hero: 14038043c41ea53ba1aa43b4d3655f377d78bea6
  Hue: 354caec055fdc9d38b5ef33ca2e7224721843baf
  Kingfisher: 8d80f39da403cd9c9ee11984e1655f4d6a566cdb
  MarqueeLabel: 80ba85d2b76a9f5fa6c13de337db80bcd94feb1d
  OAuthSwift: 7ec2c62274f6bdc30b1ba3b799c39a6fdcaea0e5
  Realm: efe855f4d977c8ce5a82d3116d9f1ff155a6550c
  RealmSwift: 17d6ee30b6f9df86364408c2197492e33bfea567
  SwiftyBeaver: 2b68694df862381235e32bcfc4ec991e26bf131d
  SwiftyJSON: c2842d878f95482ffceec5709abc3d05680c0220

PODFILE CHECKSUM: 57f8d4b11554d4d4ccfece13ab7e3e6254ff1403

COCOAPODS: 1.1.1
