PODS:
  - OAuthSwift (1.1.0)
  - Realm (2.1.2):
    - Realm/Headers (= 2.1.2)
  - Realm/Headers (2.1.2)
  - RealmSwift (2.1.2):
    - Realm (= 2.1.2)
  - SwiftyJSON (3.1.3)

DEPENDENCIES:
  - OAuthSwift (~> 1.1.0)
  - RealmSwift
  - SwiftyJSON

SPEC CHECKSUMS:
  OAuthSwift: 7ec2c62274f6bdc30b1ba3b799c39a6fdcaea0e5
  Realm: efe855f4d977c8ce5a82d3116d9f1ff155a6550c
  RealmSwift: 17d6ee30b6f9df86364408c2197492e33bfea567
  SwiftyJSON: 38a8ea2006779c0fc4c310cb2ee8195327740faf

PODFILE CHECKSUM: bcbbff9b07136884eb31043dcdeb440444e5ff10

COCOAPODS: 1.1.1
