// !$*UTF8*$!
{
	archiveVersion = 1;
	classes = {
	};
	objectVersion = 46;
	objects = {

/* Begin PBXBuildFile section */
		179CEC7EACB5ED082D52817F /* SystemConfiguration.framework in Frameworks */ = {isa = PBXBuildFile; fileRef = B85F2574DB715286FF1AF483 /* SystemConfiguration.framework */; };
		36777D9C2B7E598390DF820E /* QuartzCore.framework in Frameworks */ = {isa = PBXBuildFile; fileRef = 15213CB89E0A6B9D090DF2E5 /* QuartzCore.framework */; };
		3724CBAA1E2474AF005387D1 /* KrangViewController.swift in Sources */ = {isa = PBXBuildFile; fileRef = 3724CBA91E2474AF005387D1 /* KrangViewController.swift */; };
		3724CBAC1E247557005387D1 /* PlaybackViewController.swift in Sources */ = {isa = PBXBuildFile; fileRef = 3724CBAB1E247557005387D1 /* PlaybackViewController.swift */; };
		372595B2201006C100C7C516 /* LoadingTableViewCell.swift in Sources */ = {isa = PBXBuildFile; fileRef = 372595B0201006C100C7C516 /* LoadingTableViewCell.swift */; };
		372595B3201006C100C7C516 /* LoadingTableViewCell.xib in Resources */ = {isa = PBXBuildFile; fileRef = 372595B1201006C100C7C516 /* LoadingTableViewCell.xib */; };
		373D32961E22C05C00980925 /* Constants.swift in Sources */ = {isa = PBXBuildFile; fileRef = 373D32951E22C05C00980925 /* Constants.swift */; };
		374C2AA01E242BCD0094D7A4 /* TraktHelper.swift in Sources */ = {isa = PBXBuildFile; fileRef = 374C2A9F1E242BCD0094D7A4 /* TraktHelper.swift */; };
		375E9BC61F8E74A600636E4C /* KrangWatchablePreviewView.xib in Resources */ = {isa = PBXBuildFile; fileRef = 375E9BC51F8E74A600636E4C /* KrangWatchablePreviewView.xib */; };
		375E9BC81F8E74D600636E4C /* KrangWatchablePreviewView.swift in Sources */ = {isa = PBXBuildFile; fileRef = 375E9BC71F8E74D600636E4C /* KrangWatchablePreviewView.swift */; };
		375E9BCA1F8EFA2F00636E4C /* KrangWatchableUI.swift in Sources */ = {isa = PBXBuildFile; fileRef = 375E9BC91F8EFA2F00636E4C /* KrangWatchableUI.swift */; };
		375FD4E91EDB56710022C4C9 /* UIViewController+Krang.swift in Sources */ = {isa = PBXBuildFile; fileRef = 375FD4E81EDB56710022C4C9 /* UIViewController+Krang.swift */; };
		376011621F6ACDF0004ED6EF /* KrangSearchable.swift in Sources */ = {isa = PBXBuildFile; fileRef = 376011611F6ACDF0004ED6EF /* KrangSearchable.swift */; };
		376011631F6ACDF0004ED6EF /* KrangSearchable.swift in Sources */ = {isa = PBXBuildFile; fileRef = 376011611F6ACDF0004ED6EF /* KrangSearchable.swift */; };
		376011661F6C382A004ED6EF /* KrangLinkable.swift in Sources */ = {isa = PBXBuildFile; fileRef = 376011651F6C382A004ED6EF /* KrangLinkable.swift */; };
		376011671F6C38D2004ED6EF /* KrangLinkable.swift in Sources */ = {isa = PBXBuildFile; fileRef = 376011651F6C382A004ED6EF /* KrangLinkable.swift */; };
		376011691F6C524E004ED6EF /* KrangSeason.swift in Sources */ = {isa = PBXBuildFile; fileRef = 376011681F6C524E004ED6EF /* KrangSeason.swift */; };
		3760116A1F6C524E004ED6EF /* KrangSeason.swift in Sources */ = {isa = PBXBuildFile; fileRef = 376011681F6C524E004ED6EF /* KrangSeason.swift */; };
		3760116C1F6C9BC7004ED6EF /* SeasonListViewController.swift in Sources */ = {isa = PBXBuildFile; fileRef = 3760116B1F6C9BC7004ED6EF /* SeasonListViewController.swift */; };
		3760116F1F6C9E29004ED6EF /* SeasonCollectionViewCell.swift in Sources */ = {isa = PBXBuildFile; fileRef = 3760116D1F6C9E29004ED6EF /* SeasonCollectionViewCell.swift */; };
		376011701F6C9E29004ED6EF /* SeasonCollectionViewCell.xib in Resources */ = {isa = PBXBuildFile; fileRef = 3760116E1F6C9E29004ED6EF /* SeasonCollectionViewCell.xib */; };
		376011721F6CA021004ED6EF /* SelfSizingCell.swift in Sources */ = {isa = PBXBuildFile; fileRef = 376011711F6CA021004ED6EF /* SelfSizingCell.swift */; };
		3760A62020113E3600FB7CF2 /* GoogleService-Info.plist in Resources */ = {isa = PBXBuildFile; fileRef = 3760A61F20113E3500FB7CF2 /* GoogleService-Info.plist */; };
		3760A62120113E3600FB7CF2 /* GoogleService-Info.plist in Resources */ = {isa = PBXBuildFile; fileRef = 3760A61F20113E3500FB7CF2 /* GoogleService-Info.plist */; };
		3763546C1FF2DD8200AF01BF /* NibView.swift in Sources */ = {isa = PBXBuildFile; fileRef = 3763546B1FF2DD8200AF01BF /* NibView.swift */; };
		3763546D1FF2DD8200AF01BF /* NibView.swift in Sources */ = {isa = PBXBuildFile; fileRef = 3763546B1FF2DD8200AF01BF /* NibView.swift */; };
		376713821F61B98000024036 /* KrangUtils.swift in Sources */ = {isa = PBXBuildFile; fileRef = 376713811F61B98000024036 /* KrangUtils.swift */; };
		37690A781FF5921B009A9028 /* NowWatchingViewController.swift in Sources */ = {isa = PBXBuildFile; fileRef = 37690A771FF5921B009A9028 /* NowWatchingViewController.swift */; };
		376A448E200AB0CD00DB7E5D /* IMDBHelper.swift in Sources */ = {isa = PBXBuildFile; fileRef = 376A448D200AB0CD00DB7E5D /* IMDBHelper.swift */; };
		376A448F200AB0CD00DB7E5D /* IMDBHelper.swift in Sources */ = {isa = PBXBuildFile; fileRef = 376A448D200AB0CD00DB7E5D /* IMDBHelper.swift */; };
		377463F11F6DD16800F08029 /* EpisodeListViewController.swift in Sources */ = {isa = PBXBuildFile; fileRef = 377463F01F6DD16800F08029 /* EpisodeListViewController.swift */; };
		377463F41F6DD1FE00F08029 /* EpisodeTableViewCell.swift in Sources */ = {isa = PBXBuildFile; fileRef = 377463F21F6DD1FE00F08029 /* EpisodeTableViewCell.swift */; };
		377463F51F6DD1FE00F08029 /* EpisodeTableViewCell.xib in Resources */ = {isa = PBXBuildFile; fileRef = 377463F31F6DD1FE00F08029 /* EpisodeTableViewCell.xib */; };
		377463F71F6E340E00F08029 /* KrangActionableFullScreenAlertView.swift in Sources */ = {isa = PBXBuildFile; fileRef = 377463F61F6E340E00F08029 /* KrangActionableFullScreenAlertView.swift */; };
		377463F91F6F190500F08029 /* KrangActionableFullScreenAlertView.xib in Resources */ = {isa = PBXBuildFile; fileRef = 377463F81F6F190500F08029 /* KrangActionableFullScreenAlertView.xib */; };
		37870B201E22BA6A00A2EC00 /* AppDelegate.swift in Sources */ = {isa = PBXBuildFile; fileRef = 37870B1F1E22BA6A00A2EC00 /* AppDelegate.swift */; };
		37870B221E22BA6A00A2EC00 /* SplashViewController.swift in Sources */ = {isa = PBXBuildFile; fileRef = 37870B211E22BA6A00A2EC00 /* SplashViewController.swift */; };
		37870B251E22BA6A00A2EC00 /* Main.storyboard in Resources */ = {isa = PBXBuildFile; fileRef = 37870B231E22BA6A00A2EC00 /* Main.storyboard */; };
		37870B271E22BA6A00A2EC00 /* Assets.xcassets in Resources */ = {isa = PBXBuildFile; fileRef = 37870B261E22BA6A00A2EC00 /* Assets.xcassets */; };
		37870B2A1E22BA6A00A2EC00 /* LaunchScreen.storyboard in Resources */ = {isa = PBXBuildFile; fileRef = 37870B281E22BA6A00A2EC00 /* LaunchScreen.storyboard */; };
		379C55441E247F9C00D51019 /* KrangUser.swift in Sources */ = {isa = PBXBuildFile; fileRef = 379C55431E247F9C00D51019 /* KrangUser.swift */; };
		379C55471E248B4F00D51019 /* RealmManager.swift in Sources */ = {isa = PBXBuildFile; fileRef = 379C55461E248B4F00D51019 /* RealmManager.swift */; };
		379C554A1E24992300D51019 /* KrangRealmUtils.swift in Sources */ = {isa = PBXBuildFile; fileRef = 379C55491E24992300D51019 /* KrangRealmUtils.swift */; };
		379C554D1E25529600D51019 /* KrangImageUtils.swift in Sources */ = {isa = PBXBuildFile; fileRef = 379C554C1E25529600D51019 /* KrangImageUtils.swift */; };
		379C554F1E25586900D51019 /* SettingsViewController.swift in Sources */ = {isa = PBXBuildFile; fileRef = 379C554E1E25586900D51019 /* SettingsViewController.swift */; };
		379C55511E2564D100D51019 /* KrangLogger.swift in Sources */ = {isa = PBXBuildFile; fileRef = 379C55501E2564D100D51019 /* KrangLogger.swift */; };
		379C55561E259BD000D51019 /* KrangAvatarView.swift in Sources */ = {isa = PBXBuildFile; fileRef = 379C55551E259BD000D51019 /* KrangAvatarView.swift */; };
		379D37471FE5EACD0055AF77 /* KrangDrawerViewController.swift in Sources */ = {isa = PBXBuildFile; fileRef = 379D37461FE5EACD0055AF77 /* KrangDrawerViewController.swift */; };
		37A19E2F1E25BAEF007877B4 /* Images.xcassets in Resources */ = {isa = PBXBuildFile; fileRef = 37A19E2E1E25BAEF007877B4 /* Images.xcassets */; };
		37A19E321E269C96007877B4 /* KrangMovie.swift in Sources */ = {isa = PBXBuildFile; fileRef = 37A19E311E269C96007877B4 /* KrangMovie.swift */; };
		37A19E341E26E914007877B4 /* TMDBHelper.swift in Sources */ = {isa = PBXBuildFile; fileRef = 37A19E331E26E914007877B4 /* TMDBHelper.swift */; };
		37A19E361E27F0B3007877B4 /* KrangEpisode.swift in Sources */ = {isa = PBXBuildFile; fileRef = 37A19E351E27F0B3007877B4 /* KrangEpisode.swift */; };
		37A19E381E27F290007877B4 /* KrangShow.swift in Sources */ = {isa = PBXBuildFile; fileRef = 37A19E371E27F290007877B4 /* KrangShow.swift */; };
		37A19E4D1E288FFD007877B4 /* Exo-Black-Italic.otf in Resources */ = {isa = PBXBuildFile; fileRef = 37A19E3B1E288FFD007877B4 /* Exo-Black-Italic.otf */; };
		37A19E4E1E288FFD007877B4 /* Exo-Black.otf in Resources */ = {isa = PBXBuildFile; fileRef = 37A19E3C1E288FFD007877B4 /* Exo-Black.otf */; };
		37A19E4F1E288FFD007877B4 /* Exo-Bold-Italic.otf in Resources */ = {isa = PBXBuildFile; fileRef = 37A19E3D1E288FFD007877B4 /* Exo-Bold-Italic.otf */; };
		37A19E501E288FFD007877B4 /* Exo-Bold.otf in Resources */ = {isa = PBXBuildFile; fileRef = 37A19E3E1E288FFD007877B4 /* Exo-Bold.otf */; };
		37A19E511E288FFD007877B4 /* Exo-DemiBold-Italic.otf in Resources */ = {isa = PBXBuildFile; fileRef = 37A19E3F1E288FFD007877B4 /* Exo-DemiBold-Italic.otf */; };
		37A19E521E288FFD007877B4 /* Exo-DemiBold.otf in Resources */ = {isa = PBXBuildFile; fileRef = 37A19E401E288FFD007877B4 /* Exo-DemiBold.otf */; };
		37A19E531E288FFD007877B4 /* Exo-ExtraBold-Italic.otf in Resources */ = {isa = PBXBuildFile; fileRef = 37A19E411E288FFD007877B4 /* Exo-ExtraBold-Italic.otf */; };
		37A19E541E288FFD007877B4 /* Exo-ExtraBold.otf in Resources */ = {isa = PBXBuildFile; fileRef = 37A19E421E288FFD007877B4 /* Exo-ExtraBold.otf */; };
		37A19E551E288FFD007877B4 /* Exo-ExtraLight-Italic.otf in Resources */ = {isa = PBXBuildFile; fileRef = 37A19E431E288FFD007877B4 /* Exo-ExtraLight-Italic.otf */; };
		37A19E561E288FFD007877B4 /* Exo-ExtraLight.otf in Resources */ = {isa = PBXBuildFile; fileRef = 37A19E441E288FFD007877B4 /* Exo-ExtraLight.otf */; };
		37A19E571E288FFD007877B4 /* Exo-Light-Italic.otf in Resources */ = {isa = PBXBuildFile; fileRef = 37A19E451E288FFD007877B4 /* Exo-Light-Italic.otf */; };
		37A19E581E288FFD007877B4 /* Exo-Light.otf in Resources */ = {isa = PBXBuildFile; fileRef = 37A19E461E288FFD007877B4 /* Exo-Light.otf */; };
		37A19E591E288FFD007877B4 /* Exo-Medium-Italic.otf in Resources */ = {isa = PBXBuildFile; fileRef = 37A19E471E288FFD007877B4 /* Exo-Medium-Italic.otf */; };
		37A19E5A1E288FFD007877B4 /* Exo-Medium.otf in Resources */ = {isa = PBXBuildFile; fileRef = 37A19E481E288FFD007877B4 /* Exo-Medium.otf */; };
		37A19E5B1E288FFD007877B4 /* Exo-Regular-Italic.otf in Resources */ = {isa = PBXBuildFile; fileRef = 37A19E491E288FFD007877B4 /* Exo-Regular-Italic.otf */; };
		37A19E5C1E288FFD007877B4 /* Exo-Regular.otf in Resources */ = {isa = PBXBuildFile; fileRef = 37A19E4A1E288FFD007877B4 /* Exo-Regular.otf */; };
		37A19E5D1E288FFD007877B4 /* Exo-Thin-Italic.otf in Resources */ = {isa = PBXBuildFile; fileRef = 37A19E4B1E288FFD007877B4 /* Exo-Thin-Italic.otf */; };
		37A19E5E1E288FFD007877B4 /* Exo-Thin.otf in Resources */ = {isa = PBXBuildFile; fileRef = 37A19E4C1E288FFD007877B4 /* Exo-Thin.otf */; };
		37A19E651E2BFDD9007877B4 /* NotificationCenter.framework in Frameworks */ = {isa = PBXBuildFile; fileRef = 37A19E641E2BFDD9007877B4 /* NotificationCenter.framework */; };
		37A19E681E2BFDD9007877B4 /* TodayViewController.swift in Sources */ = {isa = PBXBuildFile; fileRef = 37A19E671E2BFDD9007877B4 /* TodayViewController.swift */; };
		37A19E6B1E2BFDD9007877B4 /* MainInterface.storyboard in Resources */ = {isa = PBXBuildFile; fileRef = 37A19E691E2BFDD9007877B4 /* MainInterface.storyboard */; };
		37A19E6F1E2BFDD9007877B4 /* Currently Watching Widget.appex in Embed App Extensions */ = {isa = PBXBuildFile; fileRef = 37A19E631E2BFDD9007877B4 /* Currently Watching Widget.appex */; settings = {ATTRIBUTES = (RemoveHeadersOnCopy, ); }; };
		37A19E751E2BFE34007877B4 /* KrangWatchable.swift in Sources */ = {isa = PBXBuildFile; fileRef = 37A19E741E2BFE34007877B4 /* KrangWatchable.swift */; };
		37A19E761E2BFE34007877B4 /* KrangWatchable.swift in Sources */ = {isa = PBXBuildFile; fileRef = 37A19E741E2BFE34007877B4 /* KrangWatchable.swift */; };
		37A19E781E2BFF4A007877B4 /* KrangEpisode.swift in Sources */ = {isa = PBXBuildFile; fileRef = 37A19E351E27F0B3007877B4 /* KrangEpisode.swift */; };
		37A19E791E2BFF4A007877B4 /* KrangShow.swift in Sources */ = {isa = PBXBuildFile; fileRef = 37A19E371E27F290007877B4 /* KrangShow.swift */; };
		37A19E7A1E2BFF4A007877B4 /* KrangMovie.swift in Sources */ = {isa = PBXBuildFile; fileRef = 37A19E311E269C96007877B4 /* KrangMovie.swift */; };
		37A19E7B1E2BFF4A007877B4 /* KrangUser.swift in Sources */ = {isa = PBXBuildFile; fileRef = 379C55431E247F9C00D51019 /* KrangUser.swift */; };
		37A19E7C1E2BFF50007877B4 /* TMDBHelper.swift in Sources */ = {isa = PBXBuildFile; fileRef = 37A19E331E26E914007877B4 /* TMDBHelper.swift */; };
		37A19E7D1E2BFF50007877B4 /* KrangLogger.swift in Sources */ = {isa = PBXBuildFile; fileRef = 379C55501E2564D100D51019 /* KrangLogger.swift */; };
		37A19E7E1E2BFF50007877B4 /* TraktHelper.swift in Sources */ = {isa = PBXBuildFile; fileRef = 374C2A9F1E242BCD0094D7A4 /* TraktHelper.swift */; };
		37A19E7F1E2BFF50007877B4 /* RealmManager.swift in Sources */ = {isa = PBXBuildFile; fileRef = 379C55461E248B4F00D51019 /* RealmManager.swift */; };
		37A19E841E2C013E007877B4 /* KrangRealmUtils.swift in Sources */ = {isa = PBXBuildFile; fileRef = 379C55491E24992300D51019 /* KrangRealmUtils.swift */; };
		37A19E851E2C0143007877B4 /* KrangImageUtils.swift in Sources */ = {isa = PBXBuildFile; fileRef = 379C554C1E25529600D51019 /* KrangImageUtils.swift */; };
		37A19E861E2C015B007877B4 /* Constants.swift in Sources */ = {isa = PBXBuildFile; fileRef = 373D32951E22C05C00980925 /* Constants.swift */; };
		37A19E881E2C5AFF007877B4 /* Images.xcassets in Resources */ = {isa = PBXBuildFile; fileRef = 37A19E2E1E25BAEF007877B4 /* Images.xcassets */; };
		37A19E891E2C5B14007877B4 /* Exo-Black-Italic.otf in Resources */ = {isa = PBXBuildFile; fileRef = 37A19E3B1E288FFD007877B4 /* Exo-Black-Italic.otf */; };
		37A19E8A1E2C5B14007877B4 /* Exo-Black.otf in Resources */ = {isa = PBXBuildFile; fileRef = 37A19E3C1E288FFD007877B4 /* Exo-Black.otf */; };
		37A19E8B1E2C5B14007877B4 /* Exo-Bold-Italic.otf in Resources */ = {isa = PBXBuildFile; fileRef = 37A19E3D1E288FFD007877B4 /* Exo-Bold-Italic.otf */; };
		37A19E8C1E2C5B14007877B4 /* Exo-Bold.otf in Resources */ = {isa = PBXBuildFile; fileRef = 37A19E3E1E288FFD007877B4 /* Exo-Bold.otf */; };
		37A19E8D1E2C5B14007877B4 /* Exo-DemiBold-Italic.otf in Resources */ = {isa = PBXBuildFile; fileRef = 37A19E3F1E288FFD007877B4 /* Exo-DemiBold-Italic.otf */; };
		37A19E8E1E2C5B14007877B4 /* Exo-DemiBold.otf in Resources */ = {isa = PBXBuildFile; fileRef = 37A19E401E288FFD007877B4 /* Exo-DemiBold.otf */; };
		37A19E8F1E2C5B14007877B4 /* Exo-ExtraBold-Italic.otf in Resources */ = {isa = PBXBuildFile; fileRef = 37A19E411E288FFD007877B4 /* Exo-ExtraBold-Italic.otf */; };
		37A19E901E2C5B14007877B4 /* Exo-ExtraBold.otf in Resources */ = {isa = PBXBuildFile; fileRef = 37A19E421E288FFD007877B4 /* Exo-ExtraBold.otf */; };
		37A19E911E2C5B14007877B4 /* Exo-ExtraLight-Italic.otf in Resources */ = {isa = PBXBuildFile; fileRef = 37A19E431E288FFD007877B4 /* Exo-ExtraLight-Italic.otf */; };
		37A19E921E2C5B14007877B4 /* Exo-ExtraLight.otf in Resources */ = {isa = PBXBuildFile; fileRef = 37A19E441E288FFD007877B4 /* Exo-ExtraLight.otf */; };
		37A19E931E2C5B14007877B4 /* Exo-Light-Italic.otf in Resources */ = {isa = PBXBuildFile; fileRef = 37A19E451E288FFD007877B4 /* Exo-Light-Italic.otf */; };
		37A19E941E2C5B14007877B4 /* Exo-Light.otf in Resources */ = {isa = PBXBuildFile; fileRef = 37A19E461E288FFD007877B4 /* Exo-Light.otf */; };
		37A19E951E2C5B14007877B4 /* Exo-Medium-Italic.otf in Resources */ = {isa = PBXBuildFile; fileRef = 37A19E471E288FFD007877B4 /* Exo-Medium-Italic.otf */; };
		37A19E961E2C5B14007877B4 /* Exo-Medium.otf in Resources */ = {isa = PBXBuildFile; fileRef = 37A19E481E288FFD007877B4 /* Exo-Medium.otf */; };
		37A19E971E2C5B14007877B4 /* Exo-Regular-Italic.otf in Resources */ = {isa = PBXBuildFile; fileRef = 37A19E491E288FFD007877B4 /* Exo-Regular-Italic.otf */; };
		37A19E981E2C5B14007877B4 /* Exo-Regular.otf in Resources */ = {isa = PBXBuildFile; fileRef = 37A19E4A1E288FFD007877B4 /* Exo-Regular.otf */; };
		37A19E991E2C5B14007877B4 /* Exo-Thin-Italic.otf in Resources */ = {isa = PBXBuildFile; fileRef = 37A19E4B1E288FFD007877B4 /* Exo-Thin-Italic.otf */; };
		37A19E9A1E2C5B14007877B4 /* Exo-Thin.otf in Resources */ = {isa = PBXBuildFile; fileRef = 37A19E4C1E288FFD007877B4 /* Exo-Thin.otf */; };
		37A19E9C1E2D512E007877B4 /* KrangViewUtils.swift in Sources */ = {isa = PBXBuildFile; fileRef = 37A19E9B1E2D512E007877B4 /* KrangViewUtils.swift */; };
		37A19E9D1E2D512E007877B4 /* KrangViewUtils.swift in Sources */ = {isa = PBXBuildFile; fileRef = 37A19E9B1E2D512E007877B4 /* KrangViewUtils.swift */; };
		37E7B7561E2DA023001D4799 /* KrangCheckin.swift in Sources */ = {isa = PBXBuildFile; fileRef = 37E7B7551E2DA023001D4799 /* KrangCheckin.swift */; };
		37E7B7571E2DA023001D4799 /* KrangCheckin.swift in Sources */ = {isa = PBXBuildFile; fileRef = 37E7B7551E2DA023001D4799 /* KrangCheckin.swift */; };
		37E7B7591E2DA17B001D4799 /* KrangDateUtils.swift in Sources */ = {isa = PBXBuildFile; fileRef = 37E7B7581E2DA17B001D4799 /* KrangDateUtils.swift */; };
		37E7B75A1E2DA17B001D4799 /* KrangDateUtils.swift in Sources */ = {isa = PBXBuildFile; fileRef = 37E7B7581E2DA17B001D4799 /* KrangDateUtils.swift */; };
		37E957811F6992B9003D6D74 /* WatchableSearchViewController.swift in Sources */ = {isa = PBXBuildFile; fileRef = 37E957801F6992B9003D6D74 /* WatchableSearchViewController.swift */; };
		37E957851F69CB03003D6D74 /* WatchableSearchResultTableViewCell.swift in Sources */ = {isa = PBXBuildFile; fileRef = 37E957831F69CB03003D6D74 /* WatchableSearchResultTableViewCell.swift */; };
		37E957861F69CB03003D6D74 /* WatchableSearchResultTableViewCell.xib in Resources */ = {isa = PBXBuildFile; fileRef = 37E957841F69CB03003D6D74 /* WatchableSearchResultTableViewCell.xib */; };
		37ED660A1E2D7E5400AEE3F4 /* DeeplinkHandler.swift in Sources */ = {isa = PBXBuildFile; fileRef = 37ED66091E2D7E5400AEE3F4 /* DeeplinkHandler.swift */; };
		37F0DB671E31705300FAC6DB /* KrangProgressView.swift in Sources */ = {isa = PBXBuildFile; fileRef = 37F0DB661E31705300FAC6DB /* KrangProgressView.swift */; };
		37F0DB681E31705300FAC6DB /* KrangProgressView.swift in Sources */ = {isa = PBXBuildFile; fileRef = 37F0DB661E31705300FAC6DB /* KrangProgressView.swift */; };
		68A85681C2C138574CF07450 /* CoreText.framework in Frameworks */ = {isa = PBXBuildFile; fileRef = 4682B0B4C4E6D0EC612DC186 /* CoreText.framework */; };
		771F5EE31D27AE8014250A86 /* CoreMedia.framework in Frameworks */ = {isa = PBXBuildFile; fileRef = 338B469DF7479164D6D797C8 /* CoreMedia.framework */; };
		A17C286F4A01541C882FCF85 /* AVFoundation.framework in Frameworks */ = {isa = PBXBuildFile; fileRef = 1EBED3ECC65FC90281B1331E /* AVFoundation.framework */; };
		A250AB0669B85C51937752EA /* AssetsLibrary.framework in Frameworks */ = {isa = PBXBuildFile; fileRef = 6C5127FC6F5BCE0C9A2E5C5C /* AssetsLibrary.framework */; };
		CCECAB0157942143A8E08CB2 /* Pods_Kiptrak.framework in Frameworks */ = {isa = PBXBuildFile; fileRef = 37B22421F8414CC64C2C4B78 /* Pods_Kiptrak.framework */; };
		E1820F6FBD891B52A6A6D1FF /* CoreTelephony.framework in Frameworks */ = {isa = PBXBuildFile; fileRef = 55EC0545D837BD5B8104ACC0 /* CoreTelephony.framework */; };
		E4D2C1CD1B28EAF4E8E2A010 /* CoreVideo.framework in Frameworks */ = {isa = PBXBuildFile; fileRef = DBABE8C5F4AFA6AC90C42ADD /* CoreVideo.framework */; };
		FB3E162D1E45A3E736A6C43D /* Pods_Currently_Watching_Widget.framework in Frameworks */ = {isa = PBXBuildFile; fileRef = 98F45B548DC94C8289E45742 /* Pods_Currently_Watching_Widget.framework */; };
/* End PBXBuildFile section */

/* Begin PBXContainerItemProxy section */
		37A19E6D1E2BFDD9007877B4 /* PBXContainerItemProxy */ = {
			isa = PBXContainerItemProxy;
			containerPortal = 37870B141E22BA6A00A2EC00 /* Project object */;
			proxyType = 1;
			remoteGlobalIDString = 37A19E621E2BFDD9007877B4;
			remoteInfo = "Currently Watching Widget";
		};
/* End PBXContainerItemProxy section */

/* Begin PBXCopyFilesBuildPhase section */
		37A19E731E2BFDD9007877B4 /* Embed App Extensions */ = {
			isa = PBXCopyFilesBuildPhase;
			buildActionMask = 2147483647;
			dstPath = "";
			dstSubfolderSpec = 13;
			files = (
				37A19E6F1E2BFDD9007877B4 /* Currently Watching Widget.appex in Embed App Extensions */,
			);
			name = "Embed App Extensions";
			runOnlyForDeploymentPostprocessing = 0;
		};
/* End PBXCopyFilesBuildPhase section */

/* Begin PBXFileReference section */
		15213CB89E0A6B9D090DF2E5 /* QuartzCore.framework */ = {isa = PBXFileReference; lastKnownFileType = wrapper.framework; name = QuartzCore.framework; path = System/Library/Frameworks/QuartzCore.framework; sourceTree = SDKROOT; };
		1EBED3ECC65FC90281B1331E /* AVFoundation.framework */ = {isa = PBXFileReference; lastKnownFileType = wrapper.framework; name = AVFoundation.framework; path = System/Library/Frameworks/AVFoundation.framework; sourceTree = SDKROOT; };
		30BCC36AEA18296CBF311C9C /* Pods-Currently Watching Widget.debug.xcconfig */ = {isa = PBXFileReference; includeInIndex = 1; lastKnownFileType = text.xcconfig; name = "Pods-Currently Watching Widget.debug.xcconfig"; path = "Pods/Target Support Files/Pods-Currently Watching Widget/Pods-Currently Watching Widget.debug.xcconfig"; sourceTree = "<group>"; };
		338B469DF7479164D6D797C8 /* CoreMedia.framework */ = {isa = PBXFileReference; lastKnownFileType = wrapper.framework; name = CoreMedia.framework; path = System/Library/Frameworks/CoreMedia.framework; sourceTree = SDKROOT; };
		3724CBA91E2474AF005387D1 /* KrangViewController.swift */ = {isa = PBXFileReference; fileEncoding = 4; lastKnownFileType = sourcecode.swift; name = KrangViewController.swift; path = Classes/ViewControllers/KrangViewController.swift; sourceTree = "<group>"; };
		3724CBAB1E247557005387D1 /* PlaybackViewController.swift */ = {isa = PBXFileReference; fileEncoding = 4; lastKnownFileType = sourcecode.swift; name = PlaybackViewController.swift; path = Classes/ViewControllers/PlaybackViewController.swift; sourceTree = "<group>"; };
		372595B0201006C100C7C516 /* LoadingTableViewCell.swift */ = {isa = PBXFileReference; lastKnownFileType = sourcecode.swift; name = LoadingTableViewCell.swift; path = Kiptrak/Classes/Views/Cells/LoadingTableViewCell.swift; sourceTree = "<group>"; };
		372595B1201006C100C7C516 /* LoadingTableViewCell.xib */ = {isa = PBXFileReference; lastKnownFileType = file.xib; name = LoadingTableViewCell.xib; path = Kiptrak/Classes/Views/Cells/LoadingTableViewCell.xib; sourceTree = "<group>"; };
		373D32951E22C05C00980925 /* Constants.swift */ = {isa = PBXFileReference; fileEncoding = 4; lastKnownFileType = sourcecode.swift; name = Constants.swift; path = Classes/Constants.swift; sourceTree = "<group>"; };
		374C2A9F1E242BCD0094D7A4 /* TraktHelper.swift */ = {isa = PBXFileReference; fileEncoding = 4; lastKnownFileType = sourcecode.swift; path = TraktHelper.swift; sourceTree = "<group>"; };
		374C2AA11E243C080094D7A4 /* Kiptrak.entitlements */ = {isa = PBXFileReference; lastKnownFileType = text.plist.entitlements; path = Kiptrak.entitlements; sourceTree = "<group>"; };
		375E9BC51F8E74A600636E4C /* KrangWatchablePreviewView.xib */ = {isa = PBXFileReference; lastKnownFileType = file.xib; name = KrangWatchablePreviewView.xib; path = Kiptrak/Classes/Views/KrangWatchablePreviewView.xib; sourceTree = "<group>"; };
		375E9BC71F8E74D600636E4C /* KrangWatchablePreviewView.swift */ = {isa = PBXFileReference; lastKnownFileType = sourcecode.swift; name = KrangWatchablePreviewView.swift; path = Kiptrak/Classes/Views/KrangWatchablePreviewView.swift; sourceTree = "<group>"; };
		375E9BC91F8EFA2F00636E4C /* KrangWatchableUI.swift */ = {isa = PBXFileReference; lastKnownFileType = sourcecode.swift; name = KrangWatchableUI.swift; path = Classes/Utils/KrangWatchableUI.swift; sourceTree = "<group>"; };
		375FD4E81EDB56710022C4C9 /* UIViewController+Krang.swift */ = {isa = PBXFileReference; fileEncoding = 4; lastKnownFileType = sourcecode.swift; name = "UIViewController+Krang.swift"; path = "Classes/ViewControllers/UIViewController+Krang.swift"; sourceTree = "<group>"; };
		376011611F6ACDF0004ED6EF /* KrangSearchable.swift */ = {isa = PBXFileReference; fileEncoding = 4; lastKnownFileType = sourcecode.swift; name = KrangSearchable.swift; path = Classes/Protocols/KrangSearchable.swift; sourceTree = "<group>"; };
		376011651F6C382A004ED6EF /* KrangLinkable.swift */ = {isa = PBXFileReference; fileEncoding = 4; lastKnownFileType = sourcecode.swift; name = KrangLinkable.swift; path = Classes/Protocols/KrangLinkable.swift; sourceTree = "<group>"; };
		376011681F6C524E004ED6EF /* KrangSeason.swift */ = {isa = PBXFileReference; fileEncoding = 4; lastKnownFileType = sourcecode.swift; name = KrangSeason.swift; path = Classes/Models/KrangSeason.swift; sourceTree = "<group>"; };
		3760116B1F6C9BC7004ED6EF /* SeasonListViewController.swift */ = {isa = PBXFileReference; fileEncoding = 4; lastKnownFileType = sourcecode.swift; name = SeasonListViewController.swift; path = Classes/ViewControllers/SeasonListViewController.swift; sourceTree = "<group>"; };
		3760116D1F6C9E29004ED6EF /* SeasonCollectionViewCell.swift */ = {isa = PBXFileReference; fileEncoding = 4; lastKnownFileType = sourcecode.swift; name = SeasonCollectionViewCell.swift; path = Kiptrak/Classes/Views/Cells/SeasonCollectionViewCell.swift; sourceTree = "<group>"; };
		3760116E1F6C9E29004ED6EF /* SeasonCollectionViewCell.xib */ = {isa = PBXFileReference; fileEncoding = 4; lastKnownFileType = file.xib; name = SeasonCollectionViewCell.xib; path = Kiptrak/Classes/Views/Cells/SeasonCollectionViewCell.xib; sourceTree = "<group>"; };
		376011711F6CA021004ED6EF /* SelfSizingCell.swift */ = {isa = PBXFileReference; fileEncoding = 4; lastKnownFileType = sourcecode.swift; name = SelfSizingCell.swift; path = Classes/Protocols/SelfSizingCell.swift; sourceTree = "<group>"; };
		3760A61F20113E3500FB7CF2 /* GoogleService-Info.plist */ = {isa = PBXFileReference; fileEncoding = 4; lastKnownFileType = text.plist.xml; path = "GoogleService-Info.plist"; sourceTree = "<group>"; };
		3763546B1FF2DD8200AF01BF /* NibView.swift */ = {isa = PBXFileReference; lastKnownFileType = sourcecode.swift; name = NibView.swift; path = Kiptrak/Classes/Views/NibView.swift; sourceTree = "<group>"; };
		376713811F61B98000024036 /* KrangUtils.swift */ = {isa = PBXFileReference; fileEncoding = 4; lastKnownFileType = sourcecode.swift; name = KrangUtils.swift; path = Classes/Utils/KrangUtils.swift; sourceTree = "<group>"; };
		37690A771FF5921B009A9028 /* NowWatchingViewController.swift */ = {isa = PBXFileReference; lastKnownFileType = sourcecode.swift; name = NowWatchingViewController.swift; path = Classes/ViewControllers/NowWatchingViewController.swift; sourceTree = "<group>"; };
		376A448D200AB0CD00DB7E5D /* IMDBHelper.swift */ = {isa = PBXFileReference; lastKnownFileType = sourcecode.swift; name = IMDBHelper.swift; path = Kiptrak/Classes/Managers/IMDBHelper.swift; sourceTree = "<group>"; };
		377463F01F6DD16800F08029 /* EpisodeListViewController.swift */ = {isa = PBXFileReference; fileEncoding = 4; lastKnownFileType = sourcecode.swift; name = EpisodeListViewController.swift; path = Classes/ViewControllers/EpisodeListViewController.swift; sourceTree = "<group>"; };
		377463F21F6DD1FE00F08029 /* EpisodeTableViewCell.swift */ = {isa = PBXFileReference; fileEncoding = 4; lastKnownFileType = sourcecode.swift; name = EpisodeTableViewCell.swift; path = Kiptrak/Classes/Views/Cells/EpisodeTableViewCell.swift; sourceTree = "<group>"; };
		377463F31F6DD1FE00F08029 /* EpisodeTableViewCell.xib */ = {isa = PBXFileReference; fileEncoding = 4; lastKnownFileType = file.xib; name = EpisodeTableViewCell.xib; path = Kiptrak/Classes/Views/Cells/EpisodeTableViewCell.xib; sourceTree = "<group>"; };
		377463F61F6E340E00F08029 /* KrangActionableFullScreenAlertView.swift */ = {isa = PBXFileReference; fileEncoding = 4; lastKnownFileType = sourcecode.swift; name = KrangActionableFullScreenAlertView.swift; path = Kiptrak/Classes/Views/KrangActionableFullScreenAlertView.swift; sourceTree = "<group>"; };
		377463F81F6F190500F08029 /* KrangActionableFullScreenAlertView.xib */ = {isa = PBXFileReference; fileEncoding = 4; lastKnownFileType = file.xib; name = KrangActionableFullScreenAlertView.xib; path = Kiptrak/Classes/Views/KrangActionableFullScreenAlertView.xib; sourceTree = "<group>"; };
		37870B1C1E22BA6A00A2EC00 /* Kiptrak.app */ = {isa = PBXFileReference; explicitFileType = wrapper.application; includeInIndex = 0; path = Kiptrak.app; sourceTree = BUILT_PRODUCTS_DIR; };
		37870B1F1E22BA6A00A2EC00 /* AppDelegate.swift */ = {isa = PBXFileReference; lastKnownFileType = sourcecode.swift; path = AppDelegate.swift; sourceTree = "<group>"; };
		37870B211E22BA6A00A2EC00 /* SplashViewController.swift */ = {isa = PBXFileReference; lastKnownFileType = sourcecode.swift; path = SplashViewController.swift; sourceTree = "<group>"; };
		37870B241E22BA6A00A2EC00 /* Base */ = {isa = PBXFileReference; lastKnownFileType = file.storyboard; name = Base; path = Base.lproj/Main.storyboard; sourceTree = "<group>"; };
		37870B261E22BA6A00A2EC00 /* Assets.xcassets */ = {isa = PBXFileReference; lastKnownFileType = folder.assetcatalog; path = Assets.xcassets; sourceTree = "<group>"; };
		37870B291E22BA6A00A2EC00 /* Base */ = {isa = PBXFileReference; lastKnownFileType = file.storyboard; name = Base; path = Base.lproj/LaunchScreen.storyboard; sourceTree = "<group>"; };
		37870B2B1E22BA6A00A2EC00 /* Info.plist */ = {isa = PBXFileReference; lastKnownFileType = text.plist.xml; path = Info.plist; sourceTree = "<group>"; };
		379C55431E247F9C00D51019 /* KrangUser.swift */ = {isa = PBXFileReference; fileEncoding = 4; lastKnownFileType = sourcecode.swift; path = KrangUser.swift; sourceTree = "<group>"; };
		379C55461E248B4F00D51019 /* RealmManager.swift */ = {isa = PBXFileReference; fileEncoding = 4; lastKnownFileType = sourcecode.swift; name = RealmManager.swift; path = Classes/Managers/RealmManager.swift; sourceTree = "<group>"; };
		379C55491E24992300D51019 /* KrangRealmUtils.swift */ = {isa = PBXFileReference; fileEncoding = 4; lastKnownFileType = sourcecode.swift; name = KrangRealmUtils.swift; path = Classes/Utils/KrangRealmUtils.swift; sourceTree = "<group>"; };
		379C554C1E25529600D51019 /* KrangImageUtils.swift */ = {isa = PBXFileReference; fileEncoding = 4; lastKnownFileType = sourcecode.swift; name = KrangImageUtils.swift; path = Classes/Utils/KrangImageUtils.swift; sourceTree = "<group>"; };
		379C554E1E25586900D51019 /* SettingsViewController.swift */ = {isa = PBXFileReference; fileEncoding = 4; lastKnownFileType = sourcecode.swift; name = SettingsViewController.swift; path = Classes/ViewControllers/SettingsViewController.swift; sourceTree = "<group>"; };
		379C55501E2564D100D51019 /* KrangLogger.swift */ = {isa = PBXFileReference; fileEncoding = 4; lastKnownFileType = sourcecode.swift; name = KrangLogger.swift; path = Classes/Managers/KrangLogger.swift; sourceTree = "<group>"; };
		379C55551E259BD000D51019 /* KrangAvatarView.swift */ = {isa = PBXFileReference; fileEncoding = 4; lastKnownFileType = sourcecode.swift; name = KrangAvatarView.swift; path = Kiptrak/Classes/Views/KrangAvatarView.swift; sourceTree = "<group>"; };
		379D37461FE5EACD0055AF77 /* KrangDrawerViewController.swift */ = {isa = PBXFileReference; lastKnownFileType = sourcecode.swift; name = KrangDrawerViewController.swift; path = Classes/ViewControllers/KrangDrawerViewController.swift; sourceTree = "<group>"; };
		37A19E2E1E25BAEF007877B4 /* Images.xcassets */ = {isa = PBXFileReference; lastKnownFileType = folder.assetcatalog; path = Images.xcassets; sourceTree = "<group>"; };
		37A19E311E269C96007877B4 /* KrangMovie.swift */ = {isa = PBXFileReference; fileEncoding = 4; lastKnownFileType = sourcecode.swift; name = KrangMovie.swift; path = Classes/Models/KrangMovie.swift; sourceTree = "<group>"; };
		37A19E331E26E914007877B4 /* TMDBHelper.swift */ = {isa = PBXFileReference; fileEncoding = 4; lastKnownFileType = sourcecode.swift; name = TMDBHelper.swift; path = Classes/Managers/TMDBHelper.swift; sourceTree = "<group>"; };
		37A19E351E27F0B3007877B4 /* KrangEpisode.swift */ = {isa = PBXFileReference; fileEncoding = 4; lastKnownFileType = sourcecode.swift; name = KrangEpisode.swift; path = Classes/Models/KrangEpisode.swift; sourceTree = "<group>"; };
		37A19E371E27F290007877B4 /* KrangShow.swift */ = {isa = PBXFileReference; fileEncoding = 4; lastKnownFileType = sourcecode.swift; name = KrangShow.swift; path = Classes/Models/KrangShow.swift; sourceTree = "<group>"; };
		37A19E3B1E288FFD007877B4 /* Exo-Black-Italic.otf */ = {isa = PBXFileReference; lastKnownFileType = file; name = "Exo-Black-Italic.otf"; path = "Resources/Fonts/Exo-Black-Italic.otf"; sourceTree = "<group>"; };
		37A19E3C1E288FFD007877B4 /* Exo-Black.otf */ = {isa = PBXFileReference; lastKnownFileType = file; name = "Exo-Black.otf"; path = "Resources/Fonts/Exo-Black.otf"; sourceTree = "<group>"; };
		37A19E3D1E288FFD007877B4 /* Exo-Bold-Italic.otf */ = {isa = PBXFileReference; lastKnownFileType = file; name = "Exo-Bold-Italic.otf"; path = "Resources/Fonts/Exo-Bold-Italic.otf"; sourceTree = "<group>"; };
		37A19E3E1E288FFD007877B4 /* Exo-Bold.otf */ = {isa = PBXFileReference; lastKnownFileType = file; name = "Exo-Bold.otf"; path = "Resources/Fonts/Exo-Bold.otf"; sourceTree = "<group>"; };
		37A19E3F1E288FFD007877B4 /* Exo-DemiBold-Italic.otf */ = {isa = PBXFileReference; lastKnownFileType = file; name = "Exo-DemiBold-Italic.otf"; path = "Resources/Fonts/Exo-DemiBold-Italic.otf"; sourceTree = "<group>"; };
		37A19E401E288FFD007877B4 /* Exo-DemiBold.otf */ = {isa = PBXFileReference; lastKnownFileType = file; name = "Exo-DemiBold.otf"; path = "Resources/Fonts/Exo-DemiBold.otf"; sourceTree = "<group>"; };
		37A19E411E288FFD007877B4 /* Exo-ExtraBold-Italic.otf */ = {isa = PBXFileReference; lastKnownFileType = file; name = "Exo-ExtraBold-Italic.otf"; path = "Resources/Fonts/Exo-ExtraBold-Italic.otf"; sourceTree = "<group>"; };
		37A19E421E288FFD007877B4 /* Exo-ExtraBold.otf */ = {isa = PBXFileReference; lastKnownFileType = file; name = "Exo-ExtraBold.otf"; path = "Resources/Fonts/Exo-ExtraBold.otf"; sourceTree = "<group>"; };
		37A19E431E288FFD007877B4 /* Exo-ExtraLight-Italic.otf */ = {isa = PBXFileReference; lastKnownFileType = file; name = "Exo-ExtraLight-Italic.otf"; path = "Resources/Fonts/Exo-ExtraLight-Italic.otf"; sourceTree = "<group>"; };
		37A19E441E288FFD007877B4 /* Exo-ExtraLight.otf */ = {isa = PBXFileReference; lastKnownFileType = file; name = "Exo-ExtraLight.otf"; path = "Resources/Fonts/Exo-ExtraLight.otf"; sourceTree = "<group>"; };
		37A19E451E288FFD007877B4 /* Exo-Light-Italic.otf */ = {isa = PBXFileReference; lastKnownFileType = file; name = "Exo-Light-Italic.otf"; path = "Resources/Fonts/Exo-Light-Italic.otf"; sourceTree = "<group>"; };
		37A19E461E288FFD007877B4 /* Exo-Light.otf */ = {isa = PBXFileReference; lastKnownFileType = file; name = "Exo-Light.otf"; path = "Resources/Fonts/Exo-Light.otf"; sourceTree = "<group>"; };
		37A19E471E288FFD007877B4 /* Exo-Medium-Italic.otf */ = {isa = PBXFileReference; lastKnownFileType = file; name = "Exo-Medium-Italic.otf"; path = "Resources/Fonts/Exo-Medium-Italic.otf"; sourceTree = "<group>"; };
		37A19E481E288FFD007877B4 /* Exo-Medium.otf */ = {isa = PBXFileReference; lastKnownFileType = file; name = "Exo-Medium.otf"; path = "Resources/Fonts/Exo-Medium.otf"; sourceTree = "<group>"; };
		37A19E491E288FFD007877B4 /* Exo-Regular-Italic.otf */ = {isa = PBXFileReference; lastKnownFileType = file; name = "Exo-Regular-Italic.otf"; path = "Resources/Fonts/Exo-Regular-Italic.otf"; sourceTree = "<group>"; };
		37A19E4A1E288FFD007877B4 /* Exo-Regular.otf */ = {isa = PBXFileReference; lastKnownFileType = file; name = "Exo-Regular.otf"; path = "Resources/Fonts/Exo-Regular.otf"; sourceTree = "<group>"; };
		37A19E4B1E288FFD007877B4 /* Exo-Thin-Italic.otf */ = {isa = PBXFileReference; lastKnownFileType = file; name = "Exo-Thin-Italic.otf"; path = "Resources/Fonts/Exo-Thin-Italic.otf"; sourceTree = "<group>"; };
		37A19E4C1E288FFD007877B4 /* Exo-Thin.otf */ = {isa = PBXFileReference; lastKnownFileType = file; name = "Exo-Thin.otf"; path = "Resources/Fonts/Exo-Thin.otf"; sourceTree = "<group>"; };
		37A19E631E2BFDD9007877B4 /* Currently Watching Widget.appex */ = {isa = PBXFileReference; explicitFileType = "wrapper.app-extension"; includeInIndex = 0; path = "Currently Watching Widget.appex"; sourceTree = BUILT_PRODUCTS_DIR; };
		37A19E641E2BFDD9007877B4 /* NotificationCenter.framework */ = {isa = PBXFileReference; lastKnownFileType = wrapper.framework; name = NotificationCenter.framework; path = System/Library/Frameworks/NotificationCenter.framework; sourceTree = SDKROOT; };
		37A19E671E2BFDD9007877B4 /* TodayViewController.swift */ = {isa = PBXFileReference; lastKnownFileType = sourcecode.swift; path = TodayViewController.swift; sourceTree = "<group>"; };
		37A19E6A1E2BFDD9007877B4 /* Base */ = {isa = PBXFileReference; lastKnownFileType = file.storyboard; name = Base; path = Base.lproj/MainInterface.storyboard; sourceTree = "<group>"; };
		37A19E6C1E2BFDD9007877B4 /* Info.plist */ = {isa = PBXFileReference; lastKnownFileType = text.plist.xml; path = Info.plist; sourceTree = "<group>"; };
		37A19E741E2BFE34007877B4 /* KrangWatchable.swift */ = {isa = PBXFileReference; fileEncoding = 4; lastKnownFileType = sourcecode.swift; name = KrangWatchable.swift; path = Classes/Protocols/KrangWatchable.swift; sourceTree = "<group>"; };
		37A19E801E2BFFE6007877B4 /* RealmSwift.framework */ = {isa = PBXFileReference; lastKnownFileType = wrapper.framework; name = RealmSwift.framework; path = "../../Library/Developer/Xcode/DerivedData/Kiptrak-gjgpfebnhtdsvcfwevvrqpbgglic/Build/Products/Debug-iphonesimulator/RealmSwift/RealmSwift.framework"; sourceTree = "<group>"; };
		37A19E821E2BFFF3007877B4 /* Pods_Kiptrak.framework */ = {isa = PBXFileReference; lastKnownFileType = wrapper.framework; name = Pods_Kiptrak.framework; path = "../../Library/Developer/Xcode/DerivedData/Kiptrak-gjgpfebnhtdsvcfwevvrqpbgglic/Build/Products/Debug-iphonesimulator/Pods_Kiptrak.framework"; sourceTree = "<group>"; };
		37A19E871E2C01C9007877B4 /* Currently Watching Widget.entitlements */ = {isa = PBXFileReference; lastKnownFileType = text.plist.entitlements; path = "Currently Watching Widget.entitlements"; sourceTree = "<group>"; };
		37A19E9B1E2D512E007877B4 /* KrangViewUtils.swift */ = {isa = PBXFileReference; fileEncoding = 4; lastKnownFileType = sourcecode.swift; name = KrangViewUtils.swift; path = Classes/Utils/KrangViewUtils.swift; sourceTree = "<group>"; };
		37B22421F8414CC64C2C4B78 /* Pods_Kiptrak.framework */ = {isa = PBXFileReference; explicitFileType = wrapper.framework; includeInIndex = 0; path = Pods_Kiptrak.framework; sourceTree = BUILT_PRODUCTS_DIR; };
		37E7B7551E2DA023001D4799 /* KrangCheckin.swift */ = {isa = PBXFileReference; fileEncoding = 4; lastKnownFileType = sourcecode.swift; name = KrangCheckin.swift; path = Classes/Models/KrangCheckin.swift; sourceTree = "<group>"; };
		37E7B7581E2DA17B001D4799 /* KrangDateUtils.swift */ = {isa = PBXFileReference; fileEncoding = 4; lastKnownFileType = sourcecode.swift; name = KrangDateUtils.swift; path = Classes/Utils/KrangDateUtils.swift; sourceTree = "<group>"; };
		37E957801F6992B9003D6D74 /* WatchableSearchViewController.swift */ = {isa = PBXFileReference; fileEncoding = 4; lastKnownFileType = sourcecode.swift; name = WatchableSearchViewController.swift; path = Classes/ViewControllers/WatchableSearchViewController.swift; sourceTree = "<group>"; };
		37E957831F69CB03003D6D74 /* WatchableSearchResultTableViewCell.swift */ = {isa = PBXFileReference; fileEncoding = 4; lastKnownFileType = sourcecode.swift; name = WatchableSearchResultTableViewCell.swift; path = Kiptrak/Classes/Views/Cells/WatchableSearchResultTableViewCell.swift; sourceTree = "<group>"; };
		37E957841F69CB03003D6D74 /* WatchableSearchResultTableViewCell.xib */ = {isa = PBXFileReference; fileEncoding = 4; lastKnownFileType = file.xib; name = WatchableSearchResultTableViewCell.xib; path = Kiptrak/Classes/Views/Cells/WatchableSearchResultTableViewCell.xib; sourceTree = "<group>"; };
		37ED66091E2D7E5400AEE3F4 /* DeeplinkHandler.swift */ = {isa = PBXFileReference; fileEncoding = 4; lastKnownFileType = sourcecode.swift; name = DeeplinkHandler.swift; path = Classes/Managers/DeeplinkHandler.swift; sourceTree = "<group>"; };
		37F0DB661E31705300FAC6DB /* KrangProgressView.swift */ = {isa = PBXFileReference; fileEncoding = 4; lastKnownFileType = sourcecode.swift; name = KrangProgressView.swift; path = Kiptrak/Classes/Views/KrangProgressView.swift; sourceTree = "<group>"; };
		4682B0B4C4E6D0EC612DC186 /* CoreText.framework */ = {isa = PBXFileReference; lastKnownFileType = wrapper.framework; name = CoreText.framework; path = System/Library/Frameworks/CoreText.framework; sourceTree = SDKROOT; };
		55EC0545D837BD5B8104ACC0 /* CoreTelephony.framework */ = {isa = PBXFileReference; lastKnownFileType = wrapper.framework; name = CoreTelephony.framework; path = System/Library/Frameworks/CoreTelephony.framework; sourceTree = SDKROOT; };
		57BCB84000D2751D40C37EC7 /* Pods-Kiptrak.debug.xcconfig */ = {isa = PBXFileReference; includeInIndex = 1; lastKnownFileType = text.xcconfig; name = "Pods-Kiptrak.debug.xcconfig"; path = "Pods/Target Support Files/Pods-Kiptrak/Pods-Kiptrak.debug.xcconfig"; sourceTree = "<group>"; };
		6C5127FC6F5BCE0C9A2E5C5C /* AssetsLibrary.framework */ = {isa = PBXFileReference; lastKnownFileType = wrapper.framework; name = AssetsLibrary.framework; path = System/Library/Frameworks/AssetsLibrary.framework; sourceTree = SDKROOT; };
		98F45B548DC94C8289E45742 /* Pods_Currently_Watching_Widget.framework */ = {isa = PBXFileReference; explicitFileType = wrapper.framework; includeInIndex = 0; path = Pods_Currently_Watching_Widget.framework; sourceTree = BUILT_PRODUCTS_DIR; };
		A0DBC2C2D99275125265CBBB /* Pods-Currently Watching Widget.release.xcconfig */ = {isa = PBXFileReference; includeInIndex = 1; lastKnownFileType = text.xcconfig; name = "Pods-Currently Watching Widget.release.xcconfig"; path = "Pods/Target Support Files/Pods-Currently Watching Widget/Pods-Currently Watching Widget.release.xcconfig"; sourceTree = "<group>"; };
		B85F2574DB715286FF1AF483 /* SystemConfiguration.framework */ = {isa = PBXFileReference; lastKnownFileType = wrapper.framework; name = SystemConfiguration.framework; path = System/Library/Frameworks/SystemConfiguration.framework; sourceTree = SDKROOT; };
		DBABE8C5F4AFA6AC90C42ADD /* CoreVideo.framework */ = {isa = PBXFileReference; lastKnownFileType = wrapper.framework; name = CoreVideo.framework; path = System/Library/Frameworks/CoreVideo.framework; sourceTree = SDKROOT; };
		F584FEFC695E49CA9E9F79BC /* Bridging-Header.h */ = {isa = PBXFileReference; includeInIndex = 1; lastKnownFileType = sourcecode.c.h; path = "Bridging-Header.h"; sourceTree = "<group>"; };
		FC6C3DDC87919D26314AE58D /* Pods-Kiptrak.release.xcconfig */ = {isa = PBXFileReference; includeInIndex = 1; lastKnownFileType = text.xcconfig; name = "Pods-Kiptrak.release.xcconfig"; path = "Pods/Target Support Files/Pods-Kiptrak/Pods-Kiptrak.release.xcconfig"; sourceTree = "<group>"; };
/* End PBXFileReference section */

/* Begin PBXFrameworksBuildPhase section */
		37870B191E22BA6A00A2EC00 /* Frameworks */ = {
			isa = PBXFrameworksBuildPhase;
			buildActionMask = 2147483647;
			files = (
				CCECAB0157942143A8E08CB2 /* Pods_Kiptrak.framework in Frameworks */,
				A250AB0669B85C51937752EA /* AssetsLibrary.framework in Frameworks */,
				68A85681C2C138574CF07450 /* CoreText.framework in Frameworks */,
				E1820F6FBD891B52A6A6D1FF /* CoreTelephony.framework in Frameworks */,
				179CEC7EACB5ED082D52817F /* SystemConfiguration.framework in Frameworks */,
				36777D9C2B7E598390DF820E /* QuartzCore.framework in Frameworks */,
				A17C286F4A01541C882FCF85 /* AVFoundation.framework in Frameworks */,
				771F5EE31D27AE8014250A86 /* CoreMedia.framework in Frameworks */,
				E4D2C1CD1B28EAF4E8E2A010 /* CoreVideo.framework in Frameworks */,
			);
			runOnlyForDeploymentPostprocessing = 0;
		};
		37A19E601E2BFDD9007877B4 /* Frameworks */ = {
			isa = PBXFrameworksBuildPhase;
			buildActionMask = 2147483647;
			files = (
				37A19E651E2BFDD9007877B4 /* NotificationCenter.framework in Frameworks */,
				FB3E162D1E45A3E736A6C43D /* Pods_Currently_Watching_Widget.framework in Frameworks */,
			);
			runOnlyForDeploymentPostprocessing = 0;
		};
/* End PBXFrameworksBuildPhase section */

/* Begin PBXGroup section */
		12EE2D71C67781060DB8F8AE /* Pods */ = {
			isa = PBXGroup;
			children = (
				57BCB84000D2751D40C37EC7 /* Pods-Kiptrak.debug.xcconfig */,
				FC6C3DDC87919D26314AE58D /* Pods-Kiptrak.release.xcconfig */,
				30BCC36AEA18296CBF311C9C /* Pods-Currently Watching Widget.debug.xcconfig */,
				A0DBC2C2D99275125265CBBB /* Pods-Currently Watching Widget.release.xcconfig */,
			);
			name = Pods;
			sourceTree = "<group>";
		};
		373D32911E22BE9700980925 /* ViewControllers */ = {
			isa = PBXGroup;
			children = (
				37690A771FF5921B009A9028 /* NowWatchingViewController.swift */,
				379D37461FE5EACD0055AF77 /* KrangDrawerViewController.swift */,
				3760116B1F6C9BC7004ED6EF /* SeasonListViewController.swift */,
				377463F01F6DD16800F08029 /* EpisodeListViewController.swift */,
				37E957801F6992B9003D6D74 /* WatchableSearchViewController.swift */,
				3724CBA91E2474AF005387D1 /* KrangViewController.swift */,
				379C554E1E25586900D51019 /* SettingsViewController.swift */,
				3724CBAB1E247557005387D1 /* PlaybackViewController.swift */,
				37870B211E22BA6A00A2EC00 /* SplashViewController.swift */,
				375FD4E81EDB56710022C4C9 /* UIViewController+Krang.swift */,
			);
			name = ViewControllers;
			sourceTree = "<group>";
		};
		373D32941E22BF5C00980925 /* Managers */ = {
			isa = PBXGroup;
			children = (
				37ED66091E2D7E5400AEE3F4 /* DeeplinkHandler.swift */,
				37A19E331E26E914007877B4 /* TMDBHelper.swift */,
				379C55501E2564D100D51019 /* KrangLogger.swift */,
				374C2A9F1E242BCD0094D7A4 /* TraktHelper.swift */,
				379C55461E248B4F00D51019 /* RealmManager.swift */,
			);
			name = Managers;
			sourceTree = "<group>";
		};
		37870B131E22BA6A00A2EC00 = {
			isa = PBXGroup;
			children = (
				376A448D200AB0CD00DB7E5D /* IMDBHelper.swift */,
				37870B1E1E22BA6A00A2EC00 /* Kiptrak */,
				37A19E661E2BFDD9007877B4 /* Currently Watching Widget */,
				37870B1D1E22BA6A00A2EC00 /* Products */,
				12EE2D71C67781060DB8F8AE /* Pods */,
				4679527081A47D22E35BDC47 /* Frameworks */,
				F584FEFC695E49CA9E9F79BC /* Bridging-Header.h */,
			);
			sourceTree = "<group>";
		};
		37870B1D1E22BA6A00A2EC00 /* Products */ = {
			isa = PBXGroup;
			children = (
				37870B1C1E22BA6A00A2EC00 /* Kiptrak.app */,
				37A19E631E2BFDD9007877B4 /* Currently Watching Widget.appex */,
			);
			name = Products;
			sourceTree = "<group>";
		};
		37870B1E1E22BA6A00A2EC00 /* Kiptrak */ = {
			isa = PBXGroup;
			children = (
				37A19E771E2BFE39007877B4 /* Protocols */,
				37A19E2E1E25BAEF007877B4 /* Images.xcassets */,
				373D32951E22C05C00980925 /* Constants.swift */,
				374C2AA11E243C080094D7A4 /* Kiptrak.entitlements */,
				37A19E391E288FD2007877B4 /* Resources */,
				37870B1F1E22BA6A00A2EC00 /* AppDelegate.swift */,
				37870B231E22BA6A00A2EC00 /* Main.storyboard */,
				37870B261E22BA6A00A2EC00 /* Assets.xcassets */,
				37870B281E22BA6A00A2EC00 /* LaunchScreen.storyboard */,
				37870B2B1E22BA6A00A2EC00 /* Info.plist */,
				3760A61F20113E3500FB7CF2 /* GoogleService-Info.plist */,
				379C554B1E24992900D51019 /* Utils */,
				373D32911E22BE9700980925 /* ViewControllers */,
				379C55531E259BAE00D51019 /* Views */,
				373D32941E22BF5C00980925 /* Managers */,
				379C55451E247F9F00D51019 /* Models */,
			);
			path = Kiptrak;
			sourceTree = "<group>";
		};
		379C55451E247F9F00D51019 /* Models */ = {
			isa = PBXGroup;
			children = (
				376011681F6C524E004ED6EF /* KrangSeason.swift */,
				37E7B7551E2DA023001D4799 /* KrangCheckin.swift */,
				37A19E351E27F0B3007877B4 /* KrangEpisode.swift */,
				37A19E371E27F290007877B4 /* KrangShow.swift */,
				37A19E311E269C96007877B4 /* KrangMovie.swift */,
				379C55431E247F9C00D51019 /* KrangUser.swift */,
			);
			name = Models;
			sourceTree = "<group>";
		};
		379C554B1E24992900D51019 /* Utils */ = {
			isa = PBXGroup;
			children = (
				375E9BC91F8EFA2F00636E4C /* KrangWatchableUI.swift */,
				37E7B7581E2DA17B001D4799 /* KrangDateUtils.swift */,
				379C554C1E25529600D51019 /* KrangImageUtils.swift */,
				37A19E9B1E2D512E007877B4 /* KrangViewUtils.swift */,
				379C55491E24992300D51019 /* KrangRealmUtils.swift */,
				376713811F61B98000024036 /* KrangUtils.swift */,
			);
			name = Utils;
			sourceTree = "<group>";
		};
		379C55531E259BAE00D51019 /* Views */ = {
			isa = PBXGroup;
			children = (
				3763546B1FF2DD8200AF01BF /* NibView.swift */,
				375E9BC71F8E74D600636E4C /* KrangWatchablePreviewView.swift */,
				375E9BC51F8E74A600636E4C /* KrangWatchablePreviewView.xib */,
				377463F61F6E340E00F08029 /* KrangActionableFullScreenAlertView.swift */,
				377463F81F6F190500F08029 /* KrangActionableFullScreenAlertView.xib */,
				37F0DB661E31705300FAC6DB /* KrangProgressView.swift */,
				379C55551E259BD000D51019 /* KrangAvatarView.swift */,
				37E957821F69CAD4003D6D74 /* Cells */,
			);
			name = Views;
			path = ..;
			sourceTree = "<group>";
		};
		37A19E391E288FD2007877B4 /* Resources */ = {
			isa = PBXGroup;
			children = (
				37A19E3A1E288FD8007877B4 /* Fonts */,
			);
			name = Resources;
			sourceTree = "<group>";
		};
		37A19E3A1E288FD8007877B4 /* Fonts */ = {
			isa = PBXGroup;
			children = (
				37A19E3B1E288FFD007877B4 /* Exo-Black-Italic.otf */,
				37A19E3C1E288FFD007877B4 /* Exo-Black.otf */,
				37A19E3D1E288FFD007877B4 /* Exo-Bold-Italic.otf */,
				37A19E3E1E288FFD007877B4 /* Exo-Bold.otf */,
				37A19E3F1E288FFD007877B4 /* Exo-DemiBold-Italic.otf */,
				37A19E401E288FFD007877B4 /* Exo-DemiBold.otf */,
				37A19E411E288FFD007877B4 /* Exo-ExtraBold-Italic.otf */,
				37A19E421E288FFD007877B4 /* Exo-ExtraBold.otf */,
				37A19E431E288FFD007877B4 /* Exo-ExtraLight-Italic.otf */,
				37A19E441E288FFD007877B4 /* Exo-ExtraLight.otf */,
				37A19E451E288FFD007877B4 /* Exo-Light-Italic.otf */,
				37A19E461E288FFD007877B4 /* Exo-Light.otf */,
				37A19E471E288FFD007877B4 /* Exo-Medium-Italic.otf */,
				37A19E481E288FFD007877B4 /* Exo-Medium.otf */,
				37A19E491E288FFD007877B4 /* Exo-Regular-Italic.otf */,
				37A19E4A1E288FFD007877B4 /* Exo-Regular.otf */,
				37A19E4B1E288FFD007877B4 /* Exo-Thin-Italic.otf */,
				37A19E4C1E288FFD007877B4 /* Exo-Thin.otf */,
			);
			name = Fonts;
			sourceTree = "<group>";
		};
		37A19E661E2BFDD9007877B4 /* Currently Watching Widget */ = {
			isa = PBXGroup;
			children = (
				37A19E871E2C01C9007877B4 /* Currently Watching Widget.entitlements */,
				37A19E671E2BFDD9007877B4 /* TodayViewController.swift */,
				37A19E691E2BFDD9007877B4 /* MainInterface.storyboard */,
				37A19E6C1E2BFDD9007877B4 /* Info.plist */,
			);
			path = "Currently Watching Widget";
			sourceTree = "<group>";
		};
		37A19E771E2BFE39007877B4 /* Protocols */ = {
			isa = PBXGroup;
			children = (
				376011711F6CA021004ED6EF /* SelfSizingCell.swift */,
				376011651F6C382A004ED6EF /* KrangLinkable.swift */,
				37A19E741E2BFE34007877B4 /* KrangWatchable.swift */,
				376011611F6ACDF0004ED6EF /* KrangSearchable.swift */,
			);
			name = Protocols;
			sourceTree = "<group>";
		};
		37E957821F69CAD4003D6D74 /* Cells */ = {
			isa = PBXGroup;
			children = (
				372595B0201006C100C7C516 /* LoadingTableViewCell.swift */,
				372595B1201006C100C7C516 /* LoadingTableViewCell.xib */,
				377463F21F6DD1FE00F08029 /* EpisodeTableViewCell.swift */,
				377463F31F6DD1FE00F08029 /* EpisodeTableViewCell.xib */,
				3760116D1F6C9E29004ED6EF /* SeasonCollectionViewCell.swift */,
				3760116E1F6C9E29004ED6EF /* SeasonCollectionViewCell.xib */,
				37E957831F69CB03003D6D74 /* WatchableSearchResultTableViewCell.swift */,
				37E957841F69CB03003D6D74 /* WatchableSearchResultTableViewCell.xib */,
			);
			name = Cells;
			sourceTree = "<group>";
		};
		4679527081A47D22E35BDC47 /* Frameworks */ = {
			isa = PBXGroup;
			children = (
				37A19E821E2BFFF3007877B4 /* Pods_Kiptrak.framework */,
				37A19E801E2BFFE6007877B4 /* RealmSwift.framework */,
				37B22421F8414CC64C2C4B78 /* Pods_Kiptrak.framework */,
				37A19E641E2BFDD9007877B4 /* NotificationCenter.framework */,
				98F45B548DC94C8289E45742 /* Pods_Currently_Watching_Widget.framework */,
				6C5127FC6F5BCE0C9A2E5C5C /* AssetsLibrary.framework */,
				4682B0B4C4E6D0EC612DC186 /* CoreText.framework */,
				55EC0545D837BD5B8104ACC0 /* CoreTelephony.framework */,
				B85F2574DB715286FF1AF483 /* SystemConfiguration.framework */,
				15213CB89E0A6B9D090DF2E5 /* QuartzCore.framework */,
				1EBED3ECC65FC90281B1331E /* AVFoundation.framework */,
				338B469DF7479164D6D797C8 /* CoreMedia.framework */,
				DBABE8C5F4AFA6AC90C42ADD /* CoreVideo.framework */,
			);
			name = Frameworks;
			sourceTree = "<group>";
		};
/* End PBXGroup section */

/* Begin PBXNativeTarget section */
		37870B1B1E22BA6A00A2EC00 /* Kiptrak */ = {
			isa = PBXNativeTarget;
			buildConfigurationList = 37870B2E1E22BA6A00A2EC00 /* Build configuration list for PBXNativeTarget "Kiptrak" */;
			buildPhases = (
				607631F0D1C3329CEEED915C /* [CP] Check Pods Manifest.lock */,
				37870B181E22BA6A00A2EC00 /* Sources */,
				37870B191E22BA6A00A2EC00 /* Frameworks */,
				37870B1A1E22BA6A00A2EC00 /* Resources */,
				37A19E731E2BFDD9007877B4 /* Embed App Extensions */,
				E4E7FFB26BFA2E2716B119E9 /* [CP] Embed Pods Frameworks */,
			);
			buildRules = (
			);
			dependencies = (
				37A19E6E1E2BFDD9007877B4 /* PBXTargetDependency */,
			);
			name = Kiptrak;
			productName = Kiptrak;
			productReference = 37870B1C1E22BA6A00A2EC00 /* Kiptrak.app */;
			productType = "com.apple.product-type.application";
		};
		37A19E621E2BFDD9007877B4 /* Currently Watching Widget */ = {
			isa = PBXNativeTarget;
			buildConfigurationList = 37A19E701E2BFDD9007877B4 /* Build configuration list for PBXNativeTarget "Currently Watching Widget" */;
			buildPhases = (
				73D49ED513927513BFAC8F7D /* [CP] Check Pods Manifest.lock */,
				37A19E5F1E2BFDD9007877B4 /* Sources */,
				37A19E601E2BFDD9007877B4 /* Frameworks */,
				37A19E611E2BFDD9007877B4 /* Resources */,
			);
			buildRules = (
			);
			dependencies = (
			);
			name = "Currently Watching Widget";
			productName = "Currently Watching Widget";
			productReference = 37A19E631E2BFDD9007877B4 /* Currently Watching Widget.appex */;
			productType = "com.apple.product-type.app-extension";
		};
/* End PBXNativeTarget section */

/* Begin PBXProject section */
		37870B141E22BA6A00A2EC00 /* Project object */ = {
			isa = PBXProject;
			attributes = {
				LastSwiftUpdateCheck = 0820;
				LastUpgradeCheck = 0910;
				ORGANIZATIONNAME = "Supernovacaine Inc.";
				TargetAttributes = {
					37870B1B1E22BA6A00A2EC00 = {
						CreatedOnToolsVersion = 8.0;
						DevelopmentTeam = LSB86U552U;
						LastSwiftMigration = 0900;
						ProvisioningStyle = Automatic;
						SystemCapabilities = {
							com.apple.ApplicationGroups.iOS = {
								enabled = 1;
							};
							com.apple.Keychain = {
								enabled = 1;
							};
						};
					};
					37A19E621E2BFDD9007877B4 = {
						CreatedOnToolsVersion = 8.2.1;
						DevelopmentTeam = LSB86U552U;
						LastSwiftMigration = 0900;
						ProvisioningStyle = Automatic;
						SystemCapabilities = {
							com.apple.ApplicationGroups.iOS = {
								enabled = 1;
							};
							com.apple.Keychain = {
								enabled = 1;
							};
						};
					};
				};
			};
			buildConfigurationList = 37870B171E22BA6A00A2EC00 /* Build configuration list for PBXProject "Kiptrak" */;
			compatibilityVersion = "Xcode 3.2";
			developmentRegion = English;
			hasScannedForEncodings = 0;
			knownRegions = (
				English,
				en,
				Base,
			);
			mainGroup = 37870B131E22BA6A00A2EC00;
			productRefGroup = 37870B1D1E22BA6A00A2EC00 /* Products */;
			projectDirPath = "";
			projectRoot = "";
			targets = (
				37870B1B1E22BA6A00A2EC00 /* Kiptrak */,
				37A19E621E2BFDD9007877B4 /* Currently Watching Widget */,
			);
		};
/* End PBXProject section */

/* Begin PBXResourcesBuildPhase section */
		37870B1A1E22BA6A00A2EC00 /* Resources */ = {
			isa = PBXResourcesBuildPhase;
			buildActionMask = 2147483647;
			files = (
				37A19E561E288FFD007877B4 /* Exo-ExtraLight.otf in Resources */,
				37870B2A1E22BA6A00A2EC00 /* LaunchScreen.storyboard in Resources */,
				37A19E2F1E25BAEF007877B4 /* Images.xcassets in Resources */,
				377463F51F6DD1FE00F08029 /* EpisodeTableViewCell.xib in Resources */,
				3760A62020113E3600FB7CF2 /* GoogleService-Info.plist in Resources */,
				37870B271E22BA6A00A2EC00 /* Assets.xcassets in Resources */,
				37E957861F69CB03003D6D74 /* WatchableSearchResultTableViewCell.xib in Resources */,
				372595B3201006C100C7C516 /* LoadingTableViewCell.xib in Resources */,
				37870B251E22BA6A00A2EC00 /* Main.storyboard in Resources */,
				375E9BC61F8E74A600636E4C /* KrangWatchablePreviewView.xib in Resources */,
				37A19E5C1E288FFD007877B4 /* Exo-Regular.otf in Resources */,
				37A19E581E288FFD007877B4 /* Exo-Light.otf in Resources */,
				37A19E5D1E288FFD007877B4 /* Exo-Thin-Italic.otf in Resources */,
				37A19E5B1E288FFD007877B4 /* Exo-Regular-Italic.otf in Resources */,
				37A19E591E288FFD007877B4 /* Exo-Medium-Italic.otf in Resources */,
				37A19E521E288FFD007877B4 /* Exo-DemiBold.otf in Resources */,
				37A19E4E1E288FFD007877B4 /* Exo-Black.otf in Resources */,
				37A19E541E288FFD007877B4 /* Exo-ExtraBold.otf in Resources */,
				37A19E501E288FFD007877B4 /* Exo-Bold.otf in Resources */,
				377463F91F6F190500F08029 /* KrangActionableFullScreenAlertView.xib in Resources */,
				37A19E551E288FFD007877B4 /* Exo-ExtraLight-Italic.otf in Resources */,
				37A19E5E1E288FFD007877B4 /* Exo-Thin.otf in Resources */,
				37A19E4D1E288FFD007877B4 /* Exo-Black-Italic.otf in Resources */,
				37A19E5A1E288FFD007877B4 /* Exo-Medium.otf in Resources */,
				37A19E531E288FFD007877B4 /* Exo-ExtraBold-Italic.otf in Resources */,
				37A19E571E288FFD007877B4 /* Exo-Light-Italic.otf in Resources */,
				376011701F6C9E29004ED6EF /* SeasonCollectionViewCell.xib in Resources */,
				37A19E511E288FFD007877B4 /* Exo-DemiBold-Italic.otf in Resources */,
				37A19E4F1E288FFD007877B4 /* Exo-Bold-Italic.otf in Resources */,
			);
			runOnlyForDeploymentPostprocessing = 0;
		};
		37A19E611E2BFDD9007877B4 /* Resources */ = {
			isa = PBXResourcesBuildPhase;
			buildActionMask = 2147483647;
			files = (
				37A19E971E2C5B14007877B4 /* Exo-Regular-Italic.otf in Resources */,
				37A19E991E2C5B14007877B4 /* Exo-Thin-Italic.otf in Resources */,
				37A19E901E2C5B14007877B4 /* Exo-ExtraBold.otf in Resources */,
				37A19E8E1E2C5B14007877B4 /* Exo-DemiBold.otf in Resources */,
				37A19E981E2C5B14007877B4 /* Exo-Regular.otf in Resources */,
				37A19E951E2C5B14007877B4 /* Exo-Medium-Italic.otf in Resources */,
				37A19E6B1E2BFDD9007877B4 /* MainInterface.storyboard in Resources */,
				37A19E9A1E2C5B14007877B4 /* Exo-Thin.otf in Resources */,
				37A19E881E2C5AFF007877B4 /* Images.xcassets in Resources */,
				37A19E8A1E2C5B14007877B4 /* Exo-Black.otf in Resources */,
				37A19E8F1E2C5B14007877B4 /* Exo-ExtraBold-Italic.otf in Resources */,
				37A19E8B1E2C5B14007877B4 /* Exo-Bold-Italic.otf in Resources */,
				37A19E891E2C5B14007877B4 /* Exo-Black-Italic.otf in Resources */,
				37A19E8C1E2C5B14007877B4 /* Exo-Bold.otf in Resources */,
				37A19E941E2C5B14007877B4 /* Exo-Light.otf in Resources */,
				37A19E931E2C5B14007877B4 /* Exo-Light-Italic.otf in Resources */,
				37A19E8D1E2C5B14007877B4 /* Exo-DemiBold-Italic.otf in Resources */,
				37A19E921E2C5B14007877B4 /* Exo-ExtraLight.otf in Resources */,
				37A19E911E2C5B14007877B4 /* Exo-ExtraLight-Italic.otf in Resources */,
				37A19E961E2C5B14007877B4 /* Exo-Medium.otf in Resources */,
				3760A62120113E3600FB7CF2 /* GoogleService-Info.plist in Resources */,
			);
			runOnlyForDeploymentPostprocessing = 0;
		};
/* End PBXResourcesBuildPhase section */

/* Begin PBXShellScriptBuildPhase section */
		607631F0D1C3329CEEED915C /* [CP] Check Pods Manifest.lock */ = {
			isa = PBXShellScriptBuildPhase;
			buildActionMask = 2147483647;
			files = (
			);
			inputPaths = (
				"${PODS_PODFILE_DIR_PATH}/Podfile.lock",
				"${PODS_ROOT}/Manifest.lock",
			);
			name = "[CP] Check Pods Manifest.lock";
			outputPaths = (
				"$(DERIVED_FILE_DIR)/Pods-Kiptrak-checkManifestLockResult.txt",
			);
			runOnlyForDeploymentPostprocessing = 0;
			shellPath = /bin/sh;
			shellScript = "diff \"${PODS_PODFILE_DIR_PATH}/Podfile.lock\" \"${PODS_ROOT}/Manifest.lock\" > /dev/null\nif [ $? != 0 ] ; then\n    # print error to STDERR\n    echo \"error: The sandbox is not in sync with the Podfile.lock. Run 'pod install' or update your CocoaPods installation.\" >&2\n    exit 1\nfi\n# This output is used by Xcode 'outputs' to avoid re-running this script phase.\necho \"SUCCESS\" > \"${SCRIPT_OUTPUT_FILE_0}\"\n";
			showEnvVarsInLog = 0;
		};
		73D49ED513927513BFAC8F7D /* [CP] Check Pods Manifest.lock */ = {
			isa = PBXShellScriptBuildPhase;
			buildActionMask = 2147483647;
			files = (
			);
			inputPaths = (
				"${PODS_PODFILE_DIR_PATH}/Podfile.lock",
				"${PODS_ROOT}/Manifest.lock",
			);
			name = "[CP] Check Pods Manifest.lock";
			outputPaths = (
				"$(DERIVED_FILE_DIR)/Pods-Currently Watching Widget-checkManifestLockResult.txt",
			);
			runOnlyForDeploymentPostprocessing = 0;
			shellPath = /bin/sh;
			shellScript = "diff \"${PODS_PODFILE_DIR_PATH}/Podfile.lock\" \"${PODS_ROOT}/Manifest.lock\" > /dev/null\nif [ $? != 0 ] ; then\n    # print error to STDERR\n    echo \"error: The sandbox is not in sync with the Podfile.lock. Run 'pod install' or update your CocoaPods installation.\" >&2\n    exit 1\nfi\n# This output is used by Xcode 'outputs' to avoid re-running this script phase.\necho \"SUCCESS\" > \"${SCRIPT_OUTPUT_FILE_0}\"\n";
			showEnvVarsInLog = 0;
		};
		E4E7FFB26BFA2E2716B119E9 /* [CP] Embed Pods Frameworks */ = {
			isa = PBXShellScriptBuildPhase;
			buildActionMask = 2147483647;
			files = (
			);
			inputPaths = (
				"${PODS_ROOT}/Target Support Files/Pods-Kiptrak/Pods-Kiptrak-frameworks.sh",
				"${BUILT_PRODUCTS_DIR}/CustomizableActionSheet/CustomizableActionSheet.framework",
				"${BUILT_PRODUCTS_DIR}/FirebaseCore/FirebaseCore.framework",
				"${BUILT_PRODUCTS_DIR}/FirebaseCoreDiagnostics/FirebaseCoreDiagnostics.framework",
				"${BUILT_PRODUCTS_DIR}/FirebaseInstallations/FirebaseInstallations.framework",
				"${BUILT_PRODUCTS_DIR}/GoogleDataTransport/GoogleDataTransport.framework",
				"${BUILT_PRODUCTS_DIR}/GoogleUtilities/GoogleUtilities.framework",
				"${BUILT_PRODUCTS_DIR}/Hero/Hero.framework",
				"${BUILT_PRODUCTS_DIR}/Hue/Hue.framework",
				"${BUILT_PRODUCTS_DIR}/KDCircularProgress/KDCircularProgress.framework",
				"${BUILT_PRODUCTS_DIR}/Kingfisher/Kingfisher.framework",
				"${BUILT_PRODUCTS_DIR}/LGAlertView/LGAlertView.framework",
				"${BUILT_PRODUCTS_DIR}/MarqueeLabel/MarqueeLabel.framework",
				"${BUILT_PRODUCTS_DIR}/OAuthSwift/OAuthSwift.framework",
				"${BUILT_PRODUCTS_DIR}/PromisesObjC/FBLPromises.framework",
				"${BUILT_PRODUCTS_DIR}/Realm/Realm.framework",
				"${BUILT_PRODUCTS_DIR}/RealmSwift/RealmSwift.framework",
				"${BUILT_PRODUCTS_DIR}/RxCocoa/RxCocoa.framework",
				"${BUILT_PRODUCTS_DIR}/RxKeyboard/RxKeyboard.framework",
				"${BUILT_PRODUCTS_DIR}/RxRelay/RxRelay.framework",
				"${BUILT_PRODUCTS_DIR}/RxSwift/RxSwift.framework",
				"${BUILT_PRODUCTS_DIR}/SwiftLCS/SwiftLCS.framework",
				"${BUILT_PRODUCTS_DIR}/SwiftyBeaver/SwiftyBeaver.framework",
				"${BUILT_PRODUCTS_DIR}/SwiftyJSON/SwiftyJSON.framework",
				"${BUILT_PRODUCTS_DIR}/SwipeCellKit/SwipeCellKit.framework",
				"${BUILT_PRODUCTS_DIR}/nanopb/nanopb.framework",
			);
			name = "[CP] Embed Pods Frameworks";
			outputPaths = (
				"${TARGET_BUILD_DIR}/${FRAMEWORKS_FOLDER_PATH}/CustomizableActionSheet.framework",
				"${TARGET_BUILD_DIR}/${FRAMEWORKS_FOLDER_PATH}/FirebaseCore.framework",
				"${TARGET_BUILD_DIR}/${FRAMEWORKS_FOLDER_PATH}/FirebaseCoreDiagnostics.framework",
				"${TARGET_BUILD_DIR}/${FRAMEWORKS_FOLDER_PATH}/FirebaseInstallations.framework",
				"${TARGET_BUILD_DIR}/${FRAMEWORKS_FOLDER_PATH}/GoogleDataTransport.framework",
				"${TARGET_BUILD_DIR}/${FRAMEWORKS_FOLDER_PATH}/GoogleUtilities.framework",
				"${TARGET_BUILD_DIR}/${FRAMEWORKS_FOLDER_PATH}/Hero.framework",
				"${TARGET_BUILD_DIR}/${FRAMEWORKS_FOLDER_PATH}/Hue.framework",
				"${TARGET_BUILD_DIR}/${FRAMEWORKS_FOLDER_PATH}/KDCircularProgress.framework",
				"${TARGET_BUILD_DIR}/${FRAMEWORKS_FOLDER_PATH}/Kingfisher.framework",
				"${TARGET_BUILD_DIR}/${FRAMEWORKS_FOLDER_PATH}/LGAlertView.framework",
				"${TARGET_BUILD_DIR}/${FRAMEWORKS_FOLDER_PATH}/MarqueeLabel.framework",
				"${TARGET_BUILD_DIR}/${FRAMEWORKS_FOLDER_PATH}/OAuthSwift.framework",
				"${TARGET_BUILD_DIR}/${FRAMEWORKS_FOLDER_PATH}/FBLPromises.framework",
				"${TARGET_BUILD_DIR}/${FRAMEWORKS_FOLDER_PATH}/Realm.framework",
				"${TARGET_BUILD_DIR}/${FRAMEWORKS_FOLDER_PATH}/RealmSwift.framework",
				"${TARGET_BUILD_DIR}/${FRAMEWORKS_FOLDER_PATH}/RxCocoa.framework",
				"${TARGET_BUILD_DIR}/${FRAMEWORKS_FOLDER_PATH}/RxKeyboard.framework",
				"${TARGET_BUILD_DIR}/${FRAMEWORKS_FOLDER_PATH}/RxRelay.framework",
				"${TARGET_BUILD_DIR}/${FRAMEWORKS_FOLDER_PATH}/RxSwift.framework",
				"${TARGET_BUILD_DIR}/${FRAMEWORKS_FOLDER_PATH}/SwiftLCS.framework",
				"${TARGET_BUILD_DIR}/${FRAMEWORKS_FOLDER_PATH}/SwiftyBeaver.framework",
				"${TARGET_BUILD_DIR}/${FRAMEWORKS_FOLDER_PATH}/SwiftyJSON.framework",
				"${TARGET_BUILD_DIR}/${FRAMEWORKS_FOLDER_PATH}/SwipeCellKit.framework",
				"${TARGET_BUILD_DIR}/${FRAMEWORKS_FOLDER_PATH}/nanopb.framework",
			);
			runOnlyForDeploymentPostprocessing = 0;
			shellPath = /bin/sh;
			shellScript = "\"${PODS_ROOT}/Target Support Files/Pods-Kiptrak/Pods-Kiptrak-frameworks.sh\"\n";
			showEnvVarsInLog = 0;
		};
/* End PBXShellScriptBuildPhase section */

/* Begin PBXSourcesBuildPhase section */
		37870B181E22BA6A00A2EC00 /* Sources */ = {
			isa = PBXSourcesBuildPhase;
			buildActionMask = 2147483647;
			files = (
				37A19E321E269C96007877B4 /* KrangMovie.swift in Sources */,
				376011661F6C382A004ED6EF /* KrangLinkable.swift in Sources */,
				377463F71F6E340E00F08029 /* KrangActionableFullScreenAlertView.swift in Sources */,
				37E7B7561E2DA023001D4799 /* KrangCheckin.swift in Sources */,
				37A19E341E26E914007877B4 /* TMDBHelper.swift in Sources */,
				375E9BCA1F8EFA2F00636E4C /* KrangWatchableUI.swift in Sources */,
				3724CBAA1E2474AF005387D1 /* KrangViewController.swift in Sources */,
				37E957851F69CB03003D6D74 /* WatchableSearchResultTableViewCell.swift in Sources */,
				376011621F6ACDF0004ED6EF /* KrangSearchable.swift in Sources */,
				379C55471E248B4F00D51019 /* RealmManager.swift in Sources */,
				377463F41F6DD1FE00F08029 /* EpisodeTableViewCell.swift in Sources */,
				375E9BC81F8E74D600636E4C /* KrangWatchablePreviewView.swift in Sources */,
				379C554F1E25586900D51019 /* SettingsViewController.swift in Sources */,
				3760116F1F6C9E29004ED6EF /* SeasonCollectionViewCell.swift in Sources */,
				373D32961E22C05C00980925 /* Constants.swift in Sources */,
				37ED660A1E2D7E5400AEE3F4 /* DeeplinkHandler.swift in Sources */,
				377463F11F6DD16800F08029 /* EpisodeListViewController.swift in Sources */,
				37870B221E22BA6A00A2EC00 /* SplashViewController.swift in Sources */,
				3724CBAC1E247557005387D1 /* PlaybackViewController.swift in Sources */,
				3763546C1FF2DD8200AF01BF /* NibView.swift in Sources */,
				37A19E9C1E2D512E007877B4 /* KrangViewUtils.swift in Sources */,
				379D37471FE5EACD0055AF77 /* KrangDrawerViewController.swift in Sources */,
				379C554A1E24992300D51019 /* KrangRealmUtils.swift in Sources */,
				37690A781FF5921B009A9028 /* NowWatchingViewController.swift in Sources */,
				37A19E361E27F0B3007877B4 /* KrangEpisode.swift in Sources */,
				379C55441E247F9C00D51019 /* KrangUser.swift in Sources */,
				379C55561E259BD000D51019 /* KrangAvatarView.swift in Sources */,
				37F0DB671E31705300FAC6DB /* KrangProgressView.swift in Sources */,
				37E7B7591E2DA17B001D4799 /* KrangDateUtils.swift in Sources */,
				372595B2201006C100C7C516 /* LoadingTableViewCell.swift in Sources */,
				376011691F6C524E004ED6EF /* KrangSeason.swift in Sources */,
				37870B201E22BA6A00A2EC00 /* AppDelegate.swift in Sources */,
				375FD4E91EDB56710022C4C9 /* UIViewController+Krang.swift in Sources */,
				376713821F61B98000024036 /* KrangUtils.swift in Sources */,
				37E957811F6992B9003D6D74 /* WatchableSearchViewController.swift in Sources */,
				374C2AA01E242BCD0094D7A4 /* TraktHelper.swift in Sources */,
				3760116C1F6C9BC7004ED6EF /* SeasonListViewController.swift in Sources */,
				379C554D1E25529600D51019 /* KrangImageUtils.swift in Sources */,
				37A19E381E27F290007877B4 /* KrangShow.swift in Sources */,
				379C55511E2564D100D51019 /* KrangLogger.swift in Sources */,
				37A19E751E2BFE34007877B4 /* KrangWatchable.swift in Sources */,
				376011721F6CA021004ED6EF /* SelfSizingCell.swift in Sources */,
				376A448E200AB0CD00DB7E5D /* IMDBHelper.swift in Sources */,
			);
			runOnlyForDeploymentPostprocessing = 0;
		};
		37A19E5F1E2BFDD9007877B4 /* Sources */ = {
			isa = PBXSourcesBuildPhase;
			buildActionMask = 2147483647;
			files = (
				3760116A1F6C524E004ED6EF /* KrangSeason.swift in Sources */,
				37A19E7B1E2BFF4A007877B4 /* KrangUser.swift in Sources */,
				37E7B75A1E2DA17B001D4799 /* KrangDateUtils.swift in Sources */,
				37A19E781E2BFF4A007877B4 /* KrangEpisode.swift in Sources */,
				37A19E681E2BFDD9007877B4 /* TodayViewController.swift in Sources */,
				376011671F6C38D2004ED6EF /* KrangLinkable.swift in Sources */,
				37A19E791E2BFF4A007877B4 /* KrangShow.swift in Sources */,
				37E7B7571E2DA023001D4799 /* KrangCheckin.swift in Sources */,
				37A19E761E2BFE34007877B4 /* KrangWatchable.swift in Sources */,
				376011631F6ACDF0004ED6EF /* KrangSearchable.swift in Sources */,
				37A19E841E2C013E007877B4 /* KrangRealmUtils.swift in Sources */,
				37A19E7A1E2BFF4A007877B4 /* KrangMovie.swift in Sources */,
				37A19E861E2C015B007877B4 /* Constants.swift in Sources */,
				37A19E9D1E2D512E007877B4 /* KrangViewUtils.swift in Sources */,
				37A19E851E2C0143007877B4 /* KrangImageUtils.swift in Sources */,
				37A19E7C1E2BFF50007877B4 /* TMDBHelper.swift in Sources */,
				37A19E7F1E2BFF50007877B4 /* RealmManager.swift in Sources */,
				37A19E7E1E2BFF50007877B4 /* TraktHelper.swift in Sources */,
				37A19E7D1E2BFF50007877B4 /* KrangLogger.swift in Sources */,
				376A448F200AB0CD00DB7E5D /* IMDBHelper.swift in Sources */,
				37F0DB681E31705300FAC6DB /* KrangProgressView.swift in Sources */,
				3763546D1FF2DD8200AF01BF /* NibView.swift in Sources */,
			);
			runOnlyForDeploymentPostprocessing = 0;
		};
/* End PBXSourcesBuildPhase section */

/* Begin PBXTargetDependency section */
		37A19E6E1E2BFDD9007877B4 /* PBXTargetDependency */ = {
			isa = PBXTargetDependency;
			target = 37A19E621E2BFDD9007877B4 /* Currently Watching Widget */;
			targetProxy = 37A19E6D1E2BFDD9007877B4 /* PBXContainerItemProxy */;
		};
/* End PBXTargetDependency section */

/* Begin PBXVariantGroup section */
		37870B231E22BA6A00A2EC00 /* Main.storyboard */ = {
			isa = PBXVariantGroup;
			children = (
				37870B241E22BA6A00A2EC00 /* Base */,
			);
			name = Main.storyboard;
			sourceTree = "<group>";
		};
		37870B281E22BA6A00A2EC00 /* LaunchScreen.storyboard */ = {
			isa = PBXVariantGroup;
			children = (
				37870B291E22BA6A00A2EC00 /* Base */,
			);
			name = LaunchScreen.storyboard;
			sourceTree = "<group>";
		};
		37A19E691E2BFDD9007877B4 /* MainInterface.storyboard */ = {
			isa = PBXVariantGroup;
			children = (
				37A19E6A1E2BFDD9007877B4 /* Base */,
			);
			name = MainInterface.storyboard;
			sourceTree = "<group>";
		};
/* End PBXVariantGroup section */

/* Begin XCBuildConfiguration section */
		37870B2C1E22BA6A00A2EC00 /* Debug */ = {
			isa = XCBuildConfiguration;
			buildSettings = {
				ALWAYS_SEARCH_USER_PATHS = NO;
				CLANG_ANALYZER_NONNULL = YES;
				CLANG_CXX_LANGUAGE_STANDARD = "gnu++0x";
				CLANG_CXX_LIBRARY = "libc++";
				CLANG_ENABLE_MODULES = YES;
				CLANG_ENABLE_OBJC_ARC = YES;
				CLANG_WARN_BLOCK_CAPTURE_AUTORELEASING = YES;
				CLANG_WARN_BOOL_CONVERSION = YES;
				CLANG_WARN_COMMA = YES;
				CLANG_WARN_CONSTANT_CONVERSION = YES;
				CLANG_WARN_DIRECT_OBJC_ISA_USAGE = YES_ERROR;
				CLANG_WARN_DOCUMENTATION_COMMENTS = YES;
				CLANG_WARN_EMPTY_BODY = YES;
				CLANG_WARN_ENUM_CONVERSION = YES;
				CLANG_WARN_INFINITE_RECURSION = YES;
				CLANG_WARN_INT_CONVERSION = YES;
				CLANG_WARN_NON_LITERAL_NULL_CONVERSION = YES;
				CLANG_WARN_OBJC_LITERAL_CONVERSION = YES;
				CLANG_WARN_OBJC_ROOT_CLASS = YES_ERROR;
				CLANG_WARN_RANGE_LOOP_ANALYSIS = YES;
				CLANG_WARN_STRICT_PROTOTYPES = YES;
				CLANG_WARN_SUSPICIOUS_MOVE = YES;
				CLANG_WARN_SUSPICIOUS_MOVES = YES;
				CLANG_WARN_UNREACHABLE_CODE = YES;
				CLANG_WARN__DUPLICATE_METHOD_MATCH = YES;
				"CODE_SIGN_IDENTITY[sdk=iphoneos*]" = "iPhone Developer";
				COPY_PHASE_STRIP = NO;
				DEBUG_INFORMATION_FORMAT = dwarf;
				ENABLE_STRICT_OBJC_MSGSEND = YES;
				ENABLE_TESTABILITY = YES;
				GCC_C_LANGUAGE_STANDARD = gnu99;
				GCC_DYNAMIC_NO_PIC = NO;
				GCC_NO_COMMON_BLOCKS = YES;
				GCC_OPTIMIZATION_LEVEL = 0;
				GCC_PREPROCESSOR_DEFINITIONS = (
					"DEBUG=1",
					"$(inherited)",
				);
				GCC_WARN_64_TO_32_BIT_CONVERSION = YES;
				GCC_WARN_ABOUT_RETURN_TYPE = YES_ERROR;
				GCC_WARN_UNDECLARED_SELECTOR = YES;
				GCC_WARN_UNINITIALIZED_AUTOS = YES_AGGRESSIVE;
				GCC_WARN_UNUSED_FUNCTION = YES;
				GCC_WARN_UNUSED_VARIABLE = YES;
				IPHONEOS_DEPLOYMENT_TARGET = 10.0;
				MTL_ENABLE_DEBUG_INFO = YES;
				ONLY_ACTIVE_ARCH = YES;
				SDKROOT = iphoneos;
				SWIFT_ACTIVE_COMPILATION_CONDITIONS = DEBUG;
				SWIFT_OPTIMIZATION_LEVEL = "-Onone";
				TARGETED_DEVICE_FAMILY = "1,2";
			};
			name = Debug;
		};
		37870B2D1E22BA6A00A2EC00 /* Release */ = {
			isa = XCBuildConfiguration;
			buildSettings = {
				ALWAYS_SEARCH_USER_PATHS = NO;
				CLANG_ANALYZER_NONNULL = YES;
				CLANG_CXX_LANGUAGE_STANDARD = "gnu++0x";
				CLANG_CXX_LIBRARY = "libc++";
				CLANG_ENABLE_MODULES = YES;
				CLANG_ENABLE_OBJC_ARC = YES;
				CLANG_WARN_BLOCK_CAPTURE_AUTORELEASING = YES;
				CLANG_WARN_BOOL_CONVERSION = YES;
				CLANG_WARN_COMMA = YES;
				CLANG_WARN_CONSTANT_CONVERSION = YES;
				CLANG_WARN_DIRECT_OBJC_ISA_USAGE = YES_ERROR;
				CLANG_WARN_DOCUMENTATION_COMMENTS = YES;
				CLANG_WARN_EMPTY_BODY = YES;
				CLANG_WARN_ENUM_CONVERSION = YES;
				CLANG_WARN_INFINITE_RECURSION = YES;
				CLANG_WARN_INT_CONVERSION = YES;
				CLANG_WARN_NON_LITERAL_NULL_CONVERSION = YES;
				CLANG_WARN_OBJC_LITERAL_CONVERSION = YES;
				CLANG_WARN_OBJC_ROOT_CLASS = YES_ERROR;
				CLANG_WARN_RANGE_LOOP_ANALYSIS = YES;
				CLANG_WARN_STRICT_PROTOTYPES = YES;
				CLANG_WARN_SUSPICIOUS_MOVE = YES;
				CLANG_WARN_SUSPICIOUS_MOVES = YES;
				CLANG_WARN_UNREACHABLE_CODE = YES;
				CLANG_WARN__DUPLICATE_METHOD_MATCH = YES;
				"CODE_SIGN_IDENTITY[sdk=iphoneos*]" = "iPhone Developer";
				COPY_PHASE_STRIP = NO;
				DEBUG_INFORMATION_FORMAT = "dwarf-with-dsym";
				ENABLE_NS_ASSERTIONS = NO;
				ENABLE_STRICT_OBJC_MSGSEND = YES;
				GCC_C_LANGUAGE_STANDARD = gnu99;
				GCC_NO_COMMON_BLOCKS = YES;
				GCC_WARN_64_TO_32_BIT_CONVERSION = YES;
				GCC_WARN_ABOUT_RETURN_TYPE = YES_ERROR;
				GCC_WARN_UNDECLARED_SELECTOR = YES;
				GCC_WARN_UNINITIALIZED_AUTOS = YES_AGGRESSIVE;
				GCC_WARN_UNUSED_FUNCTION = YES;
				GCC_WARN_UNUSED_VARIABLE = YES;
				IPHONEOS_DEPLOYMENT_TARGET = 10.0;
				MTL_ENABLE_DEBUG_INFO = NO;
				SDKROOT = iphoneos;
				SWIFT_OPTIMIZATION_LEVEL = "-Owholemodule";
				TARGETED_DEVICE_FAMILY = "1,2";
				VALIDATE_PRODUCT = YES;
			};
			name = Release;
		};
		37870B2F1E22BA6A00A2EC00 /* Debug */ = {
			isa = XCBuildConfiguration;
			baseConfigurationReference = 57BCB84000D2751D40C37EC7 /* Pods-Kiptrak.debug.xcconfig */;
			buildSettings = {
				ALWAYS_EMBED_SWIFT_STANDARD_LIBRARIES = "$(inherited)";
				ASSETCATALOG_COMPILER_APPICON_NAME = AppIcon;
				CODE_SIGN_ENTITLEMENTS = Kiptrak/Kiptrak.entitlements;
				"CODE_SIGN_IDENTITY[sdk=iphoneos*]" = "iPhone Developer";
				CURRENT_PROJECT_VERSION = 12;
				DEVELOPMENT_TEAM = LSB86U552U;
				FRAMEWORK_SEARCH_PATHS = (
					"$(inherited)",
					"$(PROJECT_DIR)",
				);
				INFOPLIST_FILE = Kiptrak/Info.plist;
				LD_RUNPATH_SEARCH_PATHS = "$(inherited) @executable_path/Frameworks";
				MARKETING_VERSION = 1.0.9;
				OTHER_SWIFT_FLAGS = "$(inherited) \"-D\" \"COCOAPODS\" -D MAIN_APP";
				PRODUCT_BUNDLE_IDENTIFIER = com.kip.krang;
				PRODUCT_NAME = "$(TARGET_NAME)";
				SWIFT_OBJC_BRIDGING_HEADER = "Bridging-Header.h";
				SWIFT_SWIFT3_OBJC_INFERENCE = On;
				SWIFT_VERSION = 4.0;
			};
			name = Debug;
		};
		37870B301E22BA6A00A2EC00 /* Release */ = {
			isa = XCBuildConfiguration;
			baseConfigurationReference = FC6C3DDC87919D26314AE58D /* Pods-Kiptrak.release.xcconfig */;
			buildSettings = {
				ALWAYS_EMBED_SWIFT_STANDARD_LIBRARIES = "$(inherited)";
				ASSETCATALOG_COMPILER_APPICON_NAME = AppIcon;
				CODE_SIGN_ENTITLEMENTS = Kiptrak/Kiptrak.entitlements;
				"CODE_SIGN_IDENTITY[sdk=iphoneos*]" = "iPhone Developer";
				CURRENT_PROJECT_VERSION = 12;
				DEVELOPMENT_TEAM = LSB86U552U;
				FRAMEWORK_SEARCH_PATHS = (
					"$(inherited)",
					"$(PROJECT_DIR)",
				);
				INFOPLIST_FILE = Kiptrak/Info.plist;
				LD_RUNPATH_SEARCH_PATHS = "$(inherited) @executable_path/Frameworks";
				MARKETING_VERSION = 1.0.9;
				OTHER_SWIFT_FLAGS = "$(inherited) \"-D\" \"COCOAPODS\" -D MAIN_APP";
				PRODUCT_BUNDLE_IDENTIFIER = com.kip.krang;
				PRODUCT_NAME = "$(TARGET_NAME)";
				SWIFT_OBJC_BRIDGING_HEADER = "Bridging-Header.h";
				SWIFT_SWIFT3_OBJC_INFERENCE = On;
				SWIFT_VERSION = 4.0;
			};
			name = Release;
		};
		37A19E711E2BFDD9007877B4 /* Debug */ = {
			isa = XCBuildConfiguration;
			baseConfigurationReference = 30BCC36AEA18296CBF311C9C /* Pods-Currently Watching Widget.debug.xcconfig */;
			buildSettings = {
				CLANG_WARN_SUSPICIOUS_MOVE = YES;
				CODE_SIGN_ENTITLEMENTS = "Currently Watching Widget/Currently Watching Widget.entitlements";
				CURRENT_PROJECT_VERSION = 12;
				DEVELOPMENT_TEAM = LSB86U552U;
				INFOPLIST_FILE = "Currently Watching Widget/Info.plist";
				IPHONEOS_DEPLOYMENT_TARGET = 10.0;
				LD_RUNPATH_SEARCH_PATHS = "$(inherited) @executable_path/Frameworks @executable_path/../../Frameworks";
				MARKETING_VERSION = 1.0.9;
				PRODUCT_BUNDLE_IDENTIFIER = "com.kip.krang.Currently-Watching-Widget";
				PRODUCT_NAME = "$(TARGET_NAME)";
				SKIP_INSTALL = YES;
				SWIFT_SWIFT3_OBJC_INFERENCE = On;
				SWIFT_VERSION = 4.0;
			};
			name = Debug;
		};
		37A19E721E2BFDD9007877B4 /* Release */ = {
			isa = XCBuildConfiguration;
			baseConfigurationReference = A0DBC2C2D99275125265CBBB /* Pods-Currently Watching Widget.release.xcconfig */;
			buildSettings = {
				CLANG_WARN_SUSPICIOUS_MOVE = YES;
				CODE_SIGN_ENTITLEMENTS = "Currently Watching Widget/Currently Watching Widget.entitlements";
				CURRENT_PROJECT_VERSION = 12;
				DEVELOPMENT_TEAM = LSB86U552U;
				INFOPLIST_FILE = "Currently Watching Widget/Info.plist";
				IPHONEOS_DEPLOYMENT_TARGET = 10.0;
				LD_RUNPATH_SEARCH_PATHS = "$(inherited) @executable_path/Frameworks @executable_path/../../Frameworks";
				MARKETING_VERSION = 1.0.9;
				PRODUCT_BUNDLE_IDENTIFIER = "com.kip.krang.Currently-Watching-Widget";
				PRODUCT_NAME = "$(TARGET_NAME)";
				SKIP_INSTALL = YES;
				SWIFT_SWIFT3_OBJC_INFERENCE = On;
				SWIFT_VERSION = 4.0;
			};
			name = Release;
		};
/* End XCBuildConfiguration section */

/* Begin XCConfigurationList section */
		37870B171E22BA6A00A2EC00 /* Build configuration list for PBXProject "Kiptrak" */ = {
			isa = XCConfigurationList;
			buildConfigurations = (
				37870B2C1E22BA6A00A2EC00 /* Debug */,
				37870B2D1E22BA6A00A2EC00 /* Release */,
			);
			defaultConfigurationIsVisible = 0;
			defaultConfigurationName = Release;
		};
		37870B2E1E22BA6A00A2EC00 /* Build configuration list for PBXNativeTarget "Kiptrak" */ = {
			isa = XCConfigurationList;
			buildConfigurations = (
				37870B2F1E22BA6A00A2EC00 /* Debug */,
				37870B301E22BA6A00A2EC00 /* Release */,
			);
			defaultConfigurationIsVisible = 0;
			defaultConfigurationName = Release;
		};
		37A19E701E2BFDD9007877B4 /* Build configuration list for PBXNativeTarget "Currently Watching Widget" */ = {
			isa = XCConfigurationList;
			buildConfigurations = (
				37A19E711E2BFDD9007877B4 /* Debug */,
				37A19E721E2BFDD9007877B4 /* Release */,
			);
			defaultConfigurationIsVisible = 0;
			defaultConfigurationName = Release;
		};
/* End XCConfigurationList section */
	};
	rootObject = 37870B141E22BA6A00A2EC00 /* Project object */;
}
